// !$*UTF8*$!
{
	archiveVersion = 1;
	classes = {
	};
	objectVersion = 46;
	objects = {

/* Begin PBXAggregateTarget section */
		F1B1140AFD5B487718085C62 /* Red Belly Sea Sweeper - All */ = {
			isa = PBXAggregateTarget;
			buildConfigurationList = CA61B80CE31B016967F11ACD;
			buildPhases = (
			);
			dependencies = (
				BB0C87A0F6EF6F410D28AF06,
				C39E3DD5B27F6337ED7180FB,
				55EEE86300006FD42012B786,
				13DBF09E7622B237E16BB4F2,
				07391CD94B36C1DAD03FA17C,
			);
			name = "Red Belly Sea Sweeper - All";
			productName = "Red Belly Sea Sweeper";
		};
/* End PBXAggregateTarget section */

/* Begin PBXBuildFile section */
		023DD98F8B3CA3410A0F8513 /* include_juce_gui_extra.mm */ = {isa = PBXBuildFile; fileRef = B2B88CC8167750EE01D714B1; };
		1176C55183A09DEA2E5EE858 /* include_juce_audio_plugin_client_VST3.mm */ = {isa = PBXBuildFile; fileRef = 866B901C1EA31E4D6B2F2F0B; };
		1571BFD1AC982945BE7122E4 /* include_juce_audio_utils.mm */ = {isa = PBXBuildFile; fileRef = 6C94910306493A22C30482D3; };
		19C5272DC4F71876869657AA /* VST3 */ = {isa = PBXBuildFile; fileRef = 2E74DF934A9E8A6827173B5D; };
		1A0B0BCFB7BD30DBEFD82C4C /* Standalone Plugin */ = {isa = PBXBuildFile; fileRef = 822AEBE4D593FC5AFDF30FB4; };
		1B451565298E4C159E657C70 /* Accelerate.framework */ = {isa = PBXBuildFile; fileRef = 075C02294CE50382987AAE59; };
		1CB86834774B01E540B63003 /* include_juce_audio_devices.mm */ = {isa = PBXBuildFile; fileRef = 01BE18179BC3E156B949F424; };
		1EFB5CA50FC65B4FBA5E07B2 /* QuartzCore.framework */ = {isa = PBXBuildFile; fileRef = E2AE9116CB4E052268D26FF3; };
		30F9DFCFD708DEE89B34A62F /* VST3 Manifest Helper */ = {isa = PBXBuildFile; fileRef = A556472CE42C9655289586AF; };
		34EE9603E56825462DE82B3D /* include_juce_audio_processors_lv2_libs.cpp */ = {isa = PBXBuildFile; fileRef = 167C107F6641BF4FED57A31A; };
		3A4077675CBE458D2D7F91F7 /* Shared Code */ = {isa = PBXBuildFile; fileRef = B33FB79F8F769195355DDE90; };
		43865AFEC2D579106C5C225C /* CoreMIDI.framework */ = {isa = PBXBuildFile; fileRef = 726523FAA07E174F409E2D08; };
		4A67B7E863F713D4828CFA5D /* juce_VST3ManifestHelper.mm */ = {isa = PBXBuildFile; fileRef = D1F4A4DE0D30B7FAD1368466; settings = { COMPILER_FLAGS = "-std=c++17 -fobjc-arc -w -DJUCE_SKIP_PRECOMPILED_HEADER"; }; };
		5245247F40FB807A1D67C1FC /* DiscRecording.framework */ = {isa = PBXBuildFile; fileRef = 069A4C32A65027F326A70BDD; };
		58D9D12DEE2578B25DE1A983 /* AudioUnit.framework */ = {isa = PBXBuildFile; fileRef = C98CC1436CC0D3DBD39CB51D; };
		58F282214143BB60BECDF443 /* include_juce_graphics.mm */ = {isa = PBXBuildFile; fileRef = 8801ECF84BFDFB21D6E213CB; };
		5B19066807BE6E341FD6A2CA /* include_juce_gui_basics.mm */ = {isa = PBXBuildFile; fileRef = 98BA46C6DBEC9292BE6276B2; };
		635EFE5AA10EC07A158FC67E /* RecentFilesMenuTemplate.nib */ = {isa = PBXBuildFile; fileRef = D1DD1969781F549BC24B710F; };
		65382BE12B0FF52B99571237 /* Foundation.framework */ = {isa = PBXBuildFile; fileRef = 827B92012EC2C9CE7769440B; };
		71E5D5523B267E35D9899B87 /* include_juce_dsp.mm */ = {isa = PBXBuildFile; fileRef = 71CC4BB5478EB59A2AD34541; };
		75A383D66BD43064D34E8816 /* include_juce_audio_plugin_client_AU_2.mm */ = {isa = PBXBuildFile; fileRef = 93793A83121F1D51469175D9; };
		7F351054FF1AEB7ED42E1106 /* include_juce_events.mm */ = {isa = PBXBuildFile; fileRef = 5D8472FCDB0EA424980445F8; };
		80DABF588F2D90E62B2CF203 /* include_juce_audio_basics.mm */ = {isa = PBXBuildFile; fileRef = 768AED9000169AC459122FB8; };
		95F6D037388CD1C1D527AA88 /* WebKit.framework */ = {isa = PBXBuildFile; fileRef = 74EE5E15708DE7726041F42E; };
		96123E1190A2154512F5B00F /* AudioToolbox.framework */ = {isa = PBXBuildFile; fileRef = 5D7E766889AAE55CA3D9B2A9; };
		967753C553B138B5143ABF0F /* include_juce_audio_plugin_client_ARA.cpp */ = {isa = PBXBuildFile; fileRef = B182D6417CCC8E92E549FCF7; };
		99357A9359F9CD3746EAD45D /* Cocoa.framework */ = {isa = PBXBuildFile; fileRef = E58DA6C3A04A82A52239DFD5; };
		A5BB51EE51823061E8D92EC8 /* MetalKit.framework */ = {isa = PBXBuildFile; fileRef = 81BF200833D65B9724E16F6B; settings = { ATTRIBUTES = (Weak, ); }; };
		AEFEF5B521E7C24BE593CDD0 /* include_juce_data_structures.mm */ = {isa = PBXBuildFile; fileRef = 64EEEF6B20438B5086CE4992; };
		B0430856372064313E1214DC /* include_juce_audio_plugin_client_Standalone.cpp */ = {isa = PBXBuildFile; fileRef = 90E37DBF4004B224E383FA1A; };
		B7A9A13F984BD78910F7CF0C /* AU */ = {isa = PBXBuildFile; fileRef = 883DBD5A0BBD4ED6B4FB749A; };
		B973FA0CD2C700643DA89BF4 /* include_juce_audio_processors_ara.cpp */ = {isa = PBXBuildFile; fileRef = 78DBEEF525D35CE9B43C0568; };
		BFDCBB0D7164C8B80DA90C1E /* include_juce_audio_processors.mm */ = {isa = PBXBuildFile; fileRef = 400329037FDA876D7CB66189; };
		BFFFC978AD7E6951585D6180 /* PluginEditor.cpp */ = {isa = PBXBuildFile; fileRef = A7D1655408061DEFE3530B84; };
		C636FA8041A7320D539C08DF /* CoreAudioKit.framework */ = {isa = PBXBuildFile; fileRef = 7DCB2DF4EB2BFB6AB44E35A4; };
		D6DA0AA9C158C20D7CC4D06C /* IOKit.framework */ = {isa = PBXBuildFile; fileRef = 20F7EF14411A2F25345E6A21; };
		D86BE8CAD335B8A4D45C6878 /* Security.framework */ = {isa = PBXBuildFile; fileRef = BE1B48C7D558729E07A36483; };
		D8D3959B75ABF7E2B067C10C /* PluginProcessor.cpp */ = {isa = PBXBuildFile; fileRef = 7D59528C4A5B6FE965ED11AA; };
		DB9DBF78BF292A54CA3A477A /* include_juce_audio_plugin_client_AU_1.mm */ = {isa = PBXBuildFile; fileRef = 57F95086AE61A299528360A2; };
		E197A97D5AF9C9172903E8FA /* include_juce_audio_formats.mm */ = {isa = PBXBuildFile; fileRef = 8F7A66E32FEE25F3F218D864; };
		F2DBF002B600775B0AABD6B6 /* include_juce_core.mm */ = {isa = PBXBuildFile; fileRef = 4F0D7DF206768BDAD8A86E47; };
		F7556B7E416250143C283411 /* CoreAudio.framework */ = {isa = PBXBuildFile; fileRef = 85ABC83FEBA03889E041CAF8; };
		F9DA3A8BAA691D417FC4C218 /* Metal.framework */ = {isa = PBXBuildFile; fileRef = 05CACC1F909C201252B981E5; settings = { ATTRIBUTES = (Weak, ); }; };
/* End PBXBuildFile section */

/* Begin PBXFileReference section */
		01BE18179BC3E156B949F424 /* include_juce_audio_devices.mm */ /* include_juce_audio_devices.mm */ = {isa = PBXFileReference; lastKnownFileType = sourcecode.cpp.objcpp; name = include_juce_audio_devices.mm; path = ../../JuceLibraryCode/include_juce_audio_devices.mm; sourceTree = SOURCE_ROOT; };
		05CACC1F909C201252B981E5 /* Metal.framework */ /* Metal.framework */ = {isa = PBXFileReference; lastKnownFileType = wrapper.framework; name = Metal.framework; path = System/Library/Frameworks/Metal.framework; sourceTree = SDKROOT; };
		069A4C32A65027F326A70BDD /* DiscRecording.framework */ /* DiscRecording.framework */ = {isa = PBXFileReference; lastKnownFileType = wrapper.framework; name = DiscRecording.framework; path = System/Library/Frameworks/DiscRecording.framework; sourceTree = SDKROOT; };
		075C02294CE50382987AAE59 /* Accelerate.framework */ /* Accelerate.framework */ = {isa = PBXFileReference; lastKnownFileType = wrapper.framework; name = Accelerate.framework; path = System/Library/Frameworks/Accelerate.framework; sourceTree = SDKROOT; };
		087B22D1C91F60059109CF21 /* juce_audio_formats */ /* juce_audio_formats */ = {isa = PBXFileReference; lastKnownFileType = folder; name = juce_audio_formats; path = ../../modules/juce_audio_formats; sourceTree = SOURCE_ROOT; };
		167C107F6641BF4FED57A31A /* include_juce_audio_processors_lv2_libs.cpp */ /* include_juce_audio_processors_lv2_libs.cpp */ = {isa = PBXFileReference; lastKnownFileType = sourcecode.cpp.cpp; name = include_juce_audio_processors_lv2_libs.cpp; path = ../../JuceLibraryCode/include_juce_audio_processors_lv2_libs.cpp; sourceTree = SOURCE_ROOT; };
		20F7EF14411A2F25345E6A21 /* IOKit.framework */ /* IOKit.framework */ = {isa = PBXFileReference; lastKnownFileType = wrapper.framework; name = IOKit.framework; path = System/Library/Frameworks/IOKit.framework; sourceTree = SDKROOT; };
		21624144247D7CC13D3DCC9C /* juce_dsp */ /* juce_dsp */ = {isa = PBXFileReference; lastKnownFileType = folder; name = juce_dsp; path = ../../modules/juce_dsp; sourceTree = SOURCE_ROOT; };
		29AFBC8FCF1254D8EF1A3EDB /* PluginProcessor.h */ /* PluginProcessor.h */ = {isa = PBXFileReference; lastKnownFileType = sourcecode.c.h; name = PluginProcessor.h; path = ../../Source/PluginProcessor.h; sourceTree = SOURCE_ROOT; };
		2E74DF934A9E8A6827173B5D /* VST3 */ = {isa = PBXFileReference; explicitFileType = wrapper.cfbundle; includeInIndex = 0; path = "Red Belly Sea Sweeper.vst3"; sourceTree = BUILT_PRODUCTS_DIR; };
		400329037FDA876D7CB66189 /* include_juce_audio_processors.mm */ /* include_juce_audio_processors.mm */ = {isa = PBXFileReference; lastKnownFileType = sourcecode.cpp.objcpp; name = include_juce_audio_processors.mm; path = ../../JuceLibraryCode/include_juce_audio_processors.mm; sourceTree = SOURCE_ROOT; };
		424C396BFD986BC1CA0D1336 /* juce_events */ /* juce_events */ = {isa = PBXFileReference; lastKnownFileType = folder; name = juce_events; path = ../../modules/juce_events; sourceTree = SOURCE_ROOT; };
		4BFF3B1FEF68F97DA53B9CD8 /* Info-VST3.plist */ /* Info-VST3.plist */ = {isa = PBXFileReference; lastKnownFileType = text.plist.xml; name = "Info-VST3.plist"; path = "Info-VST3.plist"; sourceTree = SOURCE_ROOT; };
		4F0D7DF206768BDAD8A86E47 /* include_juce_core.mm */ /* include_juce_core.mm */ = {isa = PBXFileReference; lastKnownFileType = sourcecode.cpp.objcpp; name = include_juce_core.mm; path = ../../JuceLibraryCode/include_juce_core.mm; sourceTree = SOURCE_ROOT; };
		57F95086AE61A299528360A2 /* include_juce_audio_plugin_client_AU_1.mm */ /* include_juce_audio_plugin_client_AU_1.mm */ = {isa = PBXFileReference; lastKnownFileType = sourcecode.cpp.objcpp; name = include_juce_audio_plugin_client_AU_1.mm; path = ../../JuceLibraryCode/include_juce_audio_plugin_client_AU_1.mm; sourceTree = SOURCE_ROOT; };
		5D7E766889AAE55CA3D9B2A9 /* AudioToolbox.framework */ /* AudioToolbox.framework */ = {isa = PBXFileReference; lastKnownFileType = wrapper.framework; name = AudioToolbox.framework; path = System/Library/Frameworks/AudioToolbox.framework; sourceTree = SDKROOT; };
		5D8472FCDB0EA424980445F8 /* include_juce_events.mm */ /* include_juce_events.mm */ = {isa = PBXFileReference; lastKnownFileType = sourcecode.cpp.objcpp; name = include_juce_events.mm; path = ../../JuceLibraryCode/include_juce_events.mm; sourceTree = SOURCE_ROOT; };
		5DD78917C161CD04CCEDBD27 /* Info-AU.plist */ /* Info-AU.plist */ = {isa = PBXFileReference; lastKnownFileType = text.plist.xml; name = "Info-AU.plist"; path = "Info-AU.plist"; sourceTree = SOURCE_ROOT; };
		5F4292A17EEFE64483D36868 /* juce_gui_basics */ /* juce_gui_basics */ = {isa = PBXFileReference; lastKnownFileType = folder; name = juce_gui_basics; path = ../../modules/juce_gui_basics; sourceTree = SOURCE_ROOT; };
		6025759FC58E3BCF58C4AE5B /* WaveformDisplay.h */ /* WaveformDisplay.h */ = {isa = PBXFileReference; lastKnownFileType = sourcecode.c.h; name = WaveformDisplay.h; path = ../../Source/WaveformDisplay.h; sourceTree = SOURCE_ROOT; };
		606C3AA0FCDE41050BDB601F /* juce_audio_devices */ /* juce_audio_devices */ = {isa = PBXFileReference; lastKnownFileType = folder; name = juce_audio_devices; path = ../../modules/juce_audio_devices; sourceTree = SOURCE_ROOT; };
		64EEEF6B20438B5086CE4992 /* include_juce_data_structures.mm */ /* include_juce_data_structures.mm */ = {isa = PBXFileReference; lastKnownFileType = sourcecode.cpp.objcpp; name = include_juce_data_structures.mm; path = ../../JuceLibraryCode/include_juce_data_structures.mm; sourceTree = SOURCE_ROOT; };
		691963421FF7D389C8878CA6 /* JuceHeader.h */ /* JuceHeader.h */ = {isa = PBXFileReference; lastKnownFileType = sourcecode.c.h; name = JuceHeader.h; path = ../../JuceLibraryCode/JuceHeader.h; sourceTree = SOURCE_ROOT; };
		6C94910306493A22C30482D3 /* include_juce_audio_utils.mm */ /* include_juce_audio_utils.mm */ = {isa = PBXFileReference; lastKnownFileType = sourcecode.cpp.objcpp; name = include_juce_audio_utils.mm; path = ../../JuceLibraryCode/include_juce_audio_utils.mm; sourceTree = SOURCE_ROOT; };
		6F6A2352229E467429CF5F65 /* juce_gui_extra */ /* juce_gui_extra */ = {isa = PBXFileReference; lastKnownFileType = folder; name = juce_gui_extra; path = ../../modules/juce_gui_extra; sourceTree = SOURCE_ROOT; };
		71CC4BB5478EB59A2AD34541 /* include_juce_dsp.mm */ /* include_juce_dsp.mm */ = {isa = PBXFileReference; lastKnownFileType = sourcecode.cpp.objcpp; name = include_juce_dsp.mm; path = ../../JuceLibraryCode/include_juce_dsp.mm; sourceTree = SOURCE_ROOT; };
		726523FAA07E174F409E2D08 /* CoreMIDI.framework */ /* CoreMIDI.framework */ = {isa = PBXFileReference; lastKnownFileType = wrapper.framework; name = CoreMIDI.framework; path = System/Library/Frameworks/CoreMIDI.framework; sourceTree = SDKROOT; };
		74EE5E15708DE7726041F42E /* WebKit.framework */ /* WebKit.framework */ = {isa = PBXFileReference; lastKnownFileType = wrapper.framework; name = WebKit.framework; path = System/Library/Frameworks/WebKit.framework; sourceTree = SDKROOT; };
		768AED9000169AC459122FB8 /* include_juce_audio_basics.mm */ /* include_juce_audio_basics.mm */ = {isa = PBXFileReference; lastKnownFileType = sourcecode.cpp.objcpp; name = include_juce_audio_basics.mm; path = ../../JuceLibraryCode/include_juce_audio_basics.mm; sourceTree = SOURCE_ROOT; };
		78DBEEF525D35CE9B43C0568 /* include_juce_audio_processors_ara.cpp */ /* include_juce_audio_processors_ara.cpp */ = {isa = PBXFileReference; lastKnownFileType = sourcecode.cpp.cpp; name = include_juce_audio_processors_ara.cpp; path = ../../JuceLibraryCode/include_juce_audio_processors_ara.cpp; sourceTree = SOURCE_ROOT; };
		7D59528C4A5B6FE965ED11AA /* PluginProcessor.cpp */ /* PluginProcessor.cpp */ = {isa = PBXFileReference; lastKnownFileType = sourcecode.cpp.cpp; name = PluginProcessor.cpp; path = ../../Source/PluginProcessor.cpp; sourceTree = SOURCE_ROOT; };
		7DCB2DF4EB2BFB6AB44E35A4 /* CoreAudioKit.framework */ /* CoreAudioKit.framework */ = {isa = PBXFileReference; lastKnownFileType = wrapper.framework; name = CoreAudioKit.framework; path = System/Library/Frameworks/CoreAudioKit.framework; sourceTree = SDKROOT; };
		800DF402F3FE2A0852C55282 /* juce_core */ /* juce_core */ = {isa = PBXFileReference; lastKnownFileType = folder; name = juce_core; path = ../../modules/juce_core; sourceTree = SOURCE_ROOT; };
		81BF200833D65B9724E16F6B /* MetalKit.framework */ /* MetalKit.framework */ = {isa = PBXFileReference; lastKnownFileType = wrapper.framework; name = MetalKit.framework; path = System/Library/Frameworks/MetalKit.framework; sourceTree = SDKROOT; };
		81F54D87D2EA04095D9411BB /* juce_audio_processors */ /* juce_audio_processors */ = {isa = PBXFileReference; lastKnownFileType = folder; name = juce_audio_processors; path = ../../modules/juce_audio_processors; sourceTree = SOURCE_ROOT; };
		822AEBE4D593FC5AFDF30FB4 /* Standalone Plugin */ = {isa = PBXFileReference; explicitFileType = wrapper.application; includeInIndex = 0; path = "Red Belly Sea Sweeper.app"; sourceTree = BUILT_PRODUCTS_DIR; };
		827B92012EC2C9CE7769440B /* Foundation.framework */ /* Foundation.framework */ = {isa = PBXFileReference; lastKnownFileType = wrapper.framework; name = Foundation.framework; path = System/Library/Frameworks/Foundation.framework; sourceTree = SDKROOT; };
		82953D6E40FC5BFC87B123C0 /* juce_audio_plugin_client */ /* juce_audio_plugin_client */ = {isa = PBXFileReference; lastKnownFileType = folder; name = juce_audio_plugin_client; path = ../../modules/juce_audio_plugin_client; sourceTree = SOURCE_ROOT; };
		85ABC83FEBA03889E041CAF8 /* CoreAudio.framework */ /* CoreAudio.framework */ = {isa = PBXFileReference; lastKnownFileType = wrapper.framework; name = CoreAudio.framework; path = System/Library/Frameworks/CoreAudio.framework; sourceTree = SDKROOT; };
		866B901C1EA31E4D6B2F2F0B /* include_juce_audio_plugin_client_VST3.mm */ /* include_juce_audio_plugin_client_VST3.mm */ = {isa = PBXFileReference; lastKnownFileType = sourcecode.cpp.objcpp; name = include_juce_audio_plugin_client_VST3.mm; path = ../../JuceLibraryCode/include_juce_audio_plugin_client_VST3.mm; sourceTree = SOURCE_ROOT; };
		875B7C38F9FBA6692803C3AF /* JucePluginDefines.h */ /* JucePluginDefines.h */ = {isa = PBXFileReference; lastKnownFileType = sourcecode.c.h; name = JucePluginDefines.h; path = ../../JuceLibraryCode/JucePluginDefines.h; sourceTree = SOURCE_ROOT; };
		8801ECF84BFDFB21D6E213CB /* include_juce_graphics.mm */ /* include_juce_graphics.mm */ = {isa = PBXFileReference; lastKnownFileType = sourcecode.cpp.objcpp; name = include_juce_graphics.mm; path = ../../JuceLibraryCode/include_juce_graphics.mm; sourceTree = SOURCE_ROOT; };
		883DBD5A0BBD4ED6B4FB749A /* AU */ = {isa = PBXFileReference; explicitFileType = wrapper.cfbundle; includeInIndex = 0; path = "Red Belly Sea Sweeper.component"; sourceTree = BUILT_PRODUCTS_DIR; };
		8E36A6B7CF7E76D1AF162B78 /* juce_graphics */ /* juce_graphics */ = {isa = PBXFileReference; lastKnownFileType = folder; name = juce_graphics; path = ../../modules/juce_graphics; sourceTree = SOURCE_ROOT; };
		8F7A66E32FEE25F3F218D864 /* include_juce_audio_formats.mm */ /* include_juce_audio_formats.mm */ = {isa = PBXFileReference; lastKnownFileType = sourcecode.cpp.objcpp; name = include_juce_audio_formats.mm; path = ../../JuceLibraryCode/include_juce_audio_formats.mm; sourceTree = SOURCE_ROOT; };
		90E37DBF4004B224E383FA1A /* include_juce_audio_plugin_client_Standalone.cpp */ /* include_juce_audio_plugin_client_Standalone.cpp */ = {isa = PBXFileReference; lastKnownFileType = sourcecode.cpp.cpp; name = include_juce_audio_plugin_client_Standalone.cpp; path = ../../JuceLibraryCode/include_juce_audio_plugin_client_Standalone.cpp; sourceTree = SOURCE_ROOT; };
		93793A83121F1D51469175D9 /* include_juce_audio_plugin_client_AU_2.mm */ /* include_juce_audio_plugin_client_AU_2.mm */ = {isa = PBXFileReference; lastKnownFileType = sourcecode.cpp.objcpp; name = include_juce_audio_plugin_client_AU_2.mm; path = ../../JuceLibraryCode/include_juce_audio_plugin_client_AU_2.mm; sourceTree = SOURCE_ROOT; };
		98BA46C6DBEC9292BE6276B2 /* include_juce_gui_basics.mm */ /* include_juce_gui_basics.mm */ = {isa = PBXFileReference; lastKnownFileType = sourcecode.cpp.objcpp; name = include_juce_gui_basics.mm; path = ../../JuceLibraryCode/include_juce_gui_basics.mm; sourceTree = SOURCE_ROOT; };
		A1DB87FBE374424E5BBFD512 /* PluginEditor.h */ /* PluginEditor.h */ = {isa = PBXFileReference; lastKnownFileType = sourcecode.c.h; name = PluginEditor.h; path = ../../Source/PluginEditor.h; sourceTree = SOURCE_ROOT; };
		A556472CE42C9655289586AF /* VST3 Manifest Helper */ = {isa = PBXFileReference; explicitFileType = "compiled.mach-o.executable"; includeInIndex = 0; path = juce_vst3_helper; sourceTree = BUILT_PRODUCTS_DIR; };
		A7D1655408061DEFE3530B84 /* PluginEditor.cpp */ /* PluginEditor.cpp */ = {isa = PBXFileReference; lastKnownFileType = sourcecode.cpp.cpp; name = PluginEditor.cpp; path = ../../Source/PluginEditor.cpp; sourceTree = SOURCE_ROOT; };
		B05FE89ABA66532E8D3ECDC5 /* Info-VST3_Manifest_Helper.plist */ /* Info-VST3_Manifest_Helper.plist */ = {isa = PBXFileReference; lastKnownFileType = text.plist.xml; name = "Info-VST3_Manifest_Helper.plist"; path = "Info-VST3_Manifest_Helper.plist"; sourceTree = SOURCE_ROOT; };
		B182D6417CCC8E92E549FCF7 /* include_juce_audio_plugin_client_ARA.cpp */ /* include_juce_audio_plugin_client_ARA.cpp */ = {isa = PBXFileReference; lastKnownFileType = sourcecode.cpp.cpp; name = include_juce_audio_plugin_client_ARA.cpp; path = ../../JuceLibraryCode/include_juce_audio_plugin_client_ARA.cpp; sourceTree = SOURCE_ROOT; };
		B2B88CC8167750EE01D714B1 /* include_juce_gui_extra.mm */ /* include_juce_gui_extra.mm */ = {isa = PBXFileReference; lastKnownFileType = sourcecode.cpp.objcpp; name = include_juce_gui_extra.mm; path = ../../JuceLibraryCode/include_juce_gui_extra.mm; sourceTree = SOURCE_ROOT; };
		B33FB79F8F769195355DDE90 /* Shared Code */ = {isa = PBXFileReference; explicitFileType = archive.ar; includeInIndex = 0; path = "libRed Belly Sea Sweeper.a"; sourceTree = BUILT_PRODUCTS_DIR; };
		BD2284BA24C7197EAA60C59A /* juce_audio_utils */ /* juce_audio_utils */ = {isa = PBXFileReference; lastKnownFileType = folder; name = juce_audio_utils; path = ../../modules/juce_audio_utils; sourceTree = SOURCE_ROOT; };
		BE1B48C7D558729E07A36483 /* Security.framework */ /* Security.framework */ = {isa = PBXFileReference; lastKnownFileType = wrapper.framework; name = Security.framework; path = System/Library/Frameworks/Security.framework; sourceTree = SDKROOT; };
		C98CC1436CC0D3DBD39CB51D /* AudioUnit.framework */ /* AudioUnit.framework */ = {isa = PBXFileReference; lastKnownFileType = wrapper.framework; name = AudioUnit.framework; path = System/Library/Frameworks/AudioUnit.framework; sourceTree = SDKROOT; };
		CE222621468AC1FC9C2C6807 /* juce_data_structures */ /* juce_data_structures */ = {isa = PBXFileReference; lastKnownFileType = folder; name = juce_data_structures; path = ../../modules/juce_data_structures; sourceTree = SOURCE_ROOT; };
		D1DD1969781F549BC24B710F /* RecentFilesMenuTemplate.nib */ /* RecentFilesMenuTemplate.nib */ = {isa = PBXFileReference; lastKnownFileType = file.nib; name = RecentFilesMenuTemplate.nib; path = RecentFilesMenuTemplate.nib; sourceTree = SOURCE_ROOT; };
		D1F4A4DE0D30B7FAD1368466 /* juce_VST3ManifestHelper.mm */ /* juce_VST3ManifestHelper.mm */ = {isa = PBXFileReference; lastKnownFileType = sourcecode.cpp.objcpp; name = juce_VST3ManifestHelper.mm; path = "$(SRCROOT)/../../modules/juce_audio_plugin_client/VST3/juce_VST3ManifestHelper.mm"; sourceTree = "<absolute>"; };
		E2AE9116CB4E052268D26FF3 /* QuartzCore.framework */ /* QuartzCore.framework */ = {isa = PBXFileReference; lastKnownFileType = wrapper.framework; name = QuartzCore.framework; path = System/Library/Frameworks/QuartzCore.framework; sourceTree = SDKROOT; };
		E315DB76948A3623B2A485F1 /* LookAndFeel.h */ /* LookAndFeel.h */ = {isa = PBXFileReference; lastKnownFileType = sourcecode.c.h; name = LookAndFeel.h; path = ../../Source/LookAndFeel.h; sourceTree = SOURCE_ROOT; };
		E58DA6C3A04A82A52239DFD5 /* Cocoa.framework */ /* Cocoa.framework */ = {isa = PBXFileReference; lastKnownFileType = wrapper.framework; name = Cocoa.framework; path = System/Library/Frameworks/Cocoa.framework; sourceTree = SDKROOT; };
		EB34D9BDA3815F1D6D181027 /* juce_audio_basics */ /* juce_audio_basics */ = {isa = PBXFileReference; lastKnownFileType = folder; name = juce_audio_basics; path = ../../modules/juce_audio_basics; sourceTree = SOURCE_ROOT; };
		F903DF31090CD23A7AF3B52D /* Info-Standalone_Plugin.plist */ /* Info-Standalone_Plugin.plist */ = {isa = PBXFileReference; lastKnownFileType = text.plist.xml; name = "Info-Standalone_Plugin.plist"; path = "Info-Standalone_Plugin.plist"; sourceTree = SOURCE_ROOT; };
/* End PBXFileReference section */

/* Begin PBXFrameworksBuildPhase section */
		29B370E9B042EEA7E47A9251 = {
			isa = PBXFrameworksBuildPhase;
			buildActionMask = 2147483647;
			files = (
				58D9D12DEE2578B25DE1A983,
				1B451565298E4C159E657C70,
				96123E1190A2154512F5B00F,
				99357A9359F9CD3746EAD45D,
				F7556B7E416250143C283411,
				C636FA8041A7320D539C08DF,
				43865AFEC2D579106C5C225C,
				5245247F40FB807A1D67C1FC,
				65382BE12B0FF52B99571237,
				D6DA0AA9C158C20D7CC4D06C,
				1EFB5CA50FC65B4FBA5E07B2,
				D86BE8CAD335B8A4D45C6878,
				95F6D037388CD1C1D527AA88,
				F9DA3A8BAA691D417FC4C218,
				A5BB51EE51823061E8D92EC8,
			);
			runOnlyForDeploymentPostprocessing = 0;
		};
		481CA8A82C71D96B26C392D0 = {
			isa = PBXFrameworksBuildPhase;
			buildActionMask = 2147483647;
			files = (
				1B451565298E4C159E657C70,
				96123E1190A2154512F5B00F,
				99357A9359F9CD3746EAD45D,
				F7556B7E416250143C283411,
				C636FA8041A7320D539C08DF,
				43865AFEC2D579106C5C225C,
				5245247F40FB807A1D67C1FC,
				65382BE12B0FF52B99571237,
				D6DA0AA9C158C20D7CC4D06C,
				1EFB5CA50FC65B4FBA5E07B2,
				D86BE8CAD335B8A4D45C6878,
				95F6D037388CD1C1D527AA88,
				F9DA3A8BAA691D417FC4C218,
				A5BB51EE51823061E8D92EC8,
			);
			runOnlyForDeploymentPostprocessing = 0;
		};
		A29FDEC7B1EB88B4E96CCCFB = {
			isa = PBXFrameworksBuildPhase;
			buildActionMask = 2147483647;
			files = (
				1B451565298E4C159E657C70,
				96123E1190A2154512F5B00F,
				99357A9359F9CD3746EAD45D,
				F7556B7E416250143C283411,
				C636FA8041A7320D539C08DF,
				43865AFEC2D579106C5C225C,
				5245247F40FB807A1D67C1FC,
				65382BE12B0FF52B99571237,
				D6DA0AA9C158C20D7CC4D06C,
				1EFB5CA50FC65B4FBA5E07B2,
				D86BE8CAD335B8A4D45C6878,
				95F6D037388CD1C1D527AA88,
				F9DA3A8BAA691D417FC4C218,
				A5BB51EE51823061E8D92EC8,
			);
			runOnlyForDeploymentPostprocessing = 0;
		};
		E826E2D3777AE8F645465836 = {
			isa = PBXFrameworksBuildPhase;
			buildActionMask = 2147483647;
			files = (
				1B451565298E4C159E657C70,
				96123E1190A2154512F5B00F,
				99357A9359F9CD3746EAD45D,
				F7556B7E416250143C283411,
				C636FA8041A7320D539C08DF,
				43865AFEC2D579106C5C225C,
				5245247F40FB807A1D67C1FC,
				65382BE12B0FF52B99571237,
				D6DA0AA9C158C20D7CC4D06C,
				1EFB5CA50FC65B4FBA5E07B2,
				D86BE8CAD335B8A4D45C6878,
				95F6D037388CD1C1D527AA88,
				F9DA3A8BAA691D417FC4C218,
				A5BB51EE51823061E8D92EC8,
			);
			runOnlyForDeploymentPostprocessing = 0;
		};
/* End PBXFrameworksBuildPhase section */

/* Begin PBXGroup section */
		1B84FDE76F905C87D7962BF0 /* Source */ = {
			isa = PBXGroup;
			children = (
				7D59528C4A5B6FE965ED11AA,
				29AFBC8FCF1254D8EF1A3EDB,
				A7D1655408061DEFE3530B84,
				A1DB87FBE374424E5BBFD512,
				E315DB76948A3623B2A485F1,
				6025759FC58E3BCF58C4AE5B,
			);
			name = Source;
			sourceTree = "<group>";
		};
		2364FD74B7E69F37338E143D /* Red Belly Sea Sweeper */ = {
			isa = PBXGroup;
			children = (
				1B84FDE76F905C87D7962BF0,
			);
			name = "Red Belly Sea Sweeper";
			sourceTree = "<group>";
		};
		A5CDE5887F77B9E7F68762D9 /* Source */ = {
			isa = PBXGroup;
			children = (
				2364FD74B7E69F37338E143D,
				CB14E9088DB3649FF523405B,
				FD6B8AD269BA975CFFAA018B,
				F19A19700B1E2F72C0060219,
				D541A8951D6A5E18BF778FAD,
				F0DAD972FAC374AF1988CD43,
			);
			name = Source;
			sourceTree = "<group>";
		};
		CB14E9088DB3649FF523405B /* JUCE Modules */ = {
			isa = PBXGroup;
			children = (
				EB34D9BDA3815F1D6D181027,
				606C3AA0FCDE41050BDB601F,
				087B22D1C91F60059109CF21,
				82953D6E40FC5BFC87B123C0,
				81F54D87D2EA04095D9411BB,
				BD2284BA24C7197EAA60C59A,
				800DF402F3FE2A0852C55282,
				CE222621468AC1FC9C2C6807,
				21624144247D7CC13D3DCC9C,
				424C396BFD986BC1CA0D1336,
				8E36A6B7CF7E76D1AF162B78,
				5F4292A17EEFE64483D36868,
				6F6A2352229E467429CF5F65,
			);
			name = "JUCE Modules";
			sourceTree = "<group>";
		};
		D541A8951D6A5E18BF778FAD /* Frameworks */ = {
			isa = PBXGroup;
			children = (
				C98CC1436CC0D3DBD39CB51D,
				075C02294CE50382987AAE59,
				5D7E766889AAE55CA3D9B2A9,
				E58DA6C3A04A82A52239DFD5,
				85ABC83FEBA03889E041CAF8,
				7DCB2DF4EB2BFB6AB44E35A4,
				726523FAA07E174F409E2D08,
				069A4C32A65027F326A70BDD,
				827B92012EC2C9CE7769440B,
				20F7EF14411A2F25345E6A21,
				E2AE9116CB4E052268D26FF3,
				BE1B48C7D558729E07A36483,
				74EE5E15708DE7726041F42E,
				05CACC1F909C201252B981E5,
				81BF200833D65B9724E16F6B,
			);
			name = Frameworks;
			sourceTree = "<group>";
		};
		F0DAD972FAC374AF1988CD43 /* Products */ = {
			isa = PBXGroup;
			children = (
				2E74DF934A9E8A6827173B5D,
				883DBD5A0BBD4ED6B4FB749A,
				822AEBE4D593FC5AFDF30FB4,
				B33FB79F8F769195355DDE90,
				A556472CE42C9655289586AF,
			);
			name = Products;
			sourceTree = "<group>";
		};
		F19A19700B1E2F72C0060219 /* Resources */ = {
			isa = PBXGroup;
			children = (
				4BFF3B1FEF68F97DA53B9CD8,
				5DD78917C161CD04CCEDBD27,
				F903DF31090CD23A7AF3B52D,
				B05FE89ABA66532E8D3ECDC5,
				D1DD1969781F549BC24B710F,
			);
			name = Resources;
			sourceTree = "<group>";
		};
		FD6B8AD269BA975CFFAA018B /* JUCE Library Code */ = {
			isa = PBXGroup;
			children = (
				768AED9000169AC459122FB8,
				01BE18179BC3E156B949F424,
				8F7A66E32FEE25F3F218D864,
				B182D6417CCC8E92E549FCF7,
				57F95086AE61A299528360A2,
				93793A83121F1D51469175D9,
				90E37DBF4004B224E383FA1A,
				866B901C1EA31E4D6B2F2F0B,
				400329037FDA876D7CB66189,
				78DBEEF525D35CE9B43C0568,
				167C107F6641BF4FED57A31A,
				6C94910306493A22C30482D3,
				4F0D7DF206768BDAD8A86E47,
				64EEEF6B20438B5086CE4992,
				71CC4BB5478EB59A2AD34541,
				5D8472FCDB0EA424980445F8,
				8801ECF84BFDFB21D6E213CB,
				98BA46C6DBEC9292BE6276B2,
				B2B88CC8167750EE01D714B1,
				691963421FF7D389C8878CA6,
				875B7C38F9FBA6692803C3AF,
			);
			name = "JUCE Library Code";
			sourceTree = "<group>";
		};
/* End PBXGroup section */

/* Begin PBXNativeTarget section */
		27677145995F7BA884B14259 /* Red Belly Sea Sweeper - AU */ = {
			isa = PBXNativeTarget;
			buildConfigurationList = C0113E311B28EDF65CD84076;
			buildPhases = (
				E55C7E6BD3F6400D7E93FE2B,
				257B45FEA702C4F065CA1F1E,
				29B370E9B042EEA7E47A9251,
				A84DB6718447CA77B377453E,
			);
			buildRules = (
			);
			dependencies = (
				7CEEAD1DD3ED1F19673C50CB,
			);
			name = "Red Belly Sea Sweeper - AU";
			productName = "Red Belly Sea Sweeper";
			productReference = 883DBD5A0BBD4ED6B4FB749A;
			productType = "com.apple.product-type.bundle";
		};
		6A9BC79ACB5F867A0444D940 /* Red Belly Sea Sweeper - VST3 Manifest Helper */ = {
			isa = PBXNativeTarget;
			buildConfigurationList = 7DCAA81955D7ED3562271EDE;
			buildPhases = (
				446E06E16D09AF6A2302CEBD,
				A29FDEC7B1EB88B4E96CCCFB,
			);
			buildRules = (
			);
			dependencies = (
			);
			name = "Red Belly Sea Sweeper - VST3 Manifest Helper";
			productName = "Red Belly Sea Sweeper";
			productReference = A556472CE42C9655289586AF;
			productType = "com.apple.product-type.tool";
		};
		7AB1C8655603736C30B3FF74 /* Red Belly Sea Sweeper - VST3 */ = {
			isa = PBXNativeTarget;
			buildConfigurationList = F0DA51FE982474D958430B96;
			buildPhases = (
				76BFF2557BE2D3982E2DBF1A,
				6AF4739420C81B580A81B398,
				E826E2D3777AE8F645465836,
				AD15641768EE37834FE1641B,
				148725A4B182973FF4FF84CB,
			);
			buildRules = (
			);
			dependencies = (
				8E11AB4554C60D6A7ECB5F20,
				DCB28111AFA6C4F5658BBB2E,
			);
			name = "Red Belly Sea Sweeper - VST3";
			productName = "Red Belly Sea Sweeper";
			productReference = 2E74DF934A9E8A6827173B5D;
			productType = "com.apple.product-type.bundle";
		};
		ADFCCD2D23F1BD1E5C48465D /* Red Belly Sea Sweeper - Standalone Plugin */ = {
			isa = PBXNativeTarget;
			buildConfigurationList = 4F40B5C21E9AA2935A44D3A8;
			buildPhases = (
				0EDA353B109D63ED3CF39C20,
				7D0289D9DFD56A914D439EA9,
				481CA8A82C71D96B26C392D0,
			);
			buildRules = (
			);
			dependencies = (
				E4DEA1E38D81883426F232F5,
			);
			name = "Red Belly Sea Sweeper - Standalone Plugin";
			productName = "Red Belly Sea Sweeper";
			productReference = 822AEBE4D593FC5AFDF30FB4;
			productType = "com.apple.product-type.application";
		};
		F74D72440305E031861CD175 /* Red Belly Sea Sweeper - Shared Code */ = {
			isa = PBXNativeTarget;
			buildConfigurationList = 9DB53D7746B8AE1CD3462C55;
			buildPhases = (
				4BB9EF2BE8EF617CF10ACAE3,
			);
			buildRules = (
			);
			dependencies = (
			);
			name = "Red Belly Sea Sweeper - Shared Code";
			productName = "Red Belly Sea Sweeper";
			productReference = B33FB79F8F769195355DDE90;
			productType = "com.apple.product-type.library.static";
		};
/* End PBXNativeTarget section */

/* Begin PBXProject section */
		5C92202AA14873547DC76862 = {
			isa = PBXProject;
			attributes = {
				BuildIndependentTargetsInParallel = YES;
				LastUpgradeCheck = 1340;
				ORGANIZATIONNAME = "Garden of Ed";
				TargetAttributes = {
					27677145995F7BA884B14259 = {
						SystemCapabilities = {
							com.apple.ApplicationGroups.iOS = {
								enabled = 0;
							};
							com.apple.HardenedRuntime = {
								enabled = 0;
							};
							com.apple.InAppPurchase = {
								enabled = 0;
							};
							com.apple.InterAppAudio = {
								enabled = 0;
							};
							com.apple.Push = {
								enabled = 0;
							};
							com.apple.Sandbox = {
								enabled = 0;
							};
						};
					};
					6A9BC79ACB5F867A0444D940 = {
						SystemCapabilities = {
							com.apple.ApplicationGroups.iOS = {
								enabled = 0;
							};
							com.apple.HardenedRuntime = {
								enabled = 0;
							};
							com.apple.InAppPurchase = {
								enabled = 0;
							};
							com.apple.InterAppAudio = {
								enabled = 0;
							};
							com.apple.Push = {
								enabled = 0;
							};
							com.apple.Sandbox = {
								enabled = 0;
							};
						};
					};
					7AB1C8655603736C30B3FF74 = {
						SystemCapabilities = {
							com.apple.ApplicationGroups.iOS = {
								enabled = 0;
							};
							com.apple.HardenedRuntime = {
								enabled = 0;
							};
							com.apple.InAppPurchase = {
								enabled = 0;
							};
							com.apple.InterAppAudio = {
								enabled = 0;
							};
							com.apple.Push = {
								enabled = 0;
							};
							com.apple.Sandbox = {
								enabled = 0;
							};
						};
					};
					ADFCCD2D23F1BD1E5C48465D = {
						SystemCapabilities = {
							com.apple.ApplicationGroups.iOS = {
								enabled = 0;
							};
							com.apple.HardenedRuntime = {
								enabled = 0;
							};
							com.apple.InAppPurchase = {
								enabled = 0;
							};
							com.apple.InterAppAudio = {
								enabled = 0;
							};
							com.apple.Push = {
								enabled = 0;
							};
							com.apple.Sandbox = {
								enabled = 0;
							};
						};
					};
					F1B1140AFD5B487718085C62 = {
						SystemCapabilities = {
							com.apple.ApplicationGroups.iOS = {
								enabled = 0;
							};
							com.apple.HardenedRuntime = {
								enabled = 0;
							};
							com.apple.InAppPurchase = {
								enabled = 0;
							};
							com.apple.InterAppAudio = {
								enabled = 0;
							};
							com.apple.Push = {
								enabled = 0;
							};
							com.apple.Sandbox = {
								enabled = 0;
							};
						};
					};
					F74D72440305E031861CD175 = {
						SystemCapabilities = {
							com.apple.ApplicationGroups.iOS = {
								enabled = 0;
							};
							com.apple.HardenedRuntime = {
								enabled = 0;
							};
							com.apple.InAppPurchase = {
								enabled = 0;
							};
							com.apple.InterAppAudio = {
								enabled = 0;
							};
							com.apple.Push = {
								enabled = 0;
							};
							com.apple.Sandbox = {
								enabled = 0;
							};
						};
					};
				};
			};
			buildConfigurationList = 20C1B6E60513B94FD8B4B4A3;
			compatibilityVersion = "Xcode 3.2";
			hasScannedForEncodings = 0;
			knownRegions = (
				en,
				Base,
			);
			mainGroup = A5CDE5887F77B9E7F68762D9;
			projectDirPath = "";
			projectRoot = "";
			targets = (
				F1B1140AFD5B487718085C62,
				7AB1C8655603736C30B3FF74,
				27677145995F7BA884B14259,
				ADFCCD2D23F1BD1E5C48465D,
				F74D72440305E031861CD175,
				6A9BC79ACB5F867A0444D940,
			);
		};
/* End PBXProject section */

/* Begin PBXResourcesBuildPhase section */
		0EDA353B109D63ED3CF39C20 = {
			isa = PBXResourcesBuildPhase;
			buildActionMask = 2147483647;
			files = (
				635EFE5AA10EC07A158FC67E,
			);
			runOnlyForDeploymentPostprocessing = 0;
		};
		76BFF2557BE2D3982E2DBF1A = {
			isa = PBXResourcesBuildPhase;
			buildActionMask = 2147483647;
			files = (
				635EFE5AA10EC07A158FC67E,
			);
			runOnlyForDeploymentPostprocessing = 0;
		};
		E55C7E6BD3F6400D7E93FE2B = {
			isa = PBXResourcesBuildPhase;
			buildActionMask = 2147483647;
			files = (
				635EFE5AA10EC07A158FC67E,
			);
			runOnlyForDeploymentPostprocessing = 0;
		};
/* End PBXResourcesBuildPhase section */

/* Begin PBXShellScriptBuildPhase section */
		148725A4B182973FF4FF84CB /* Plugin Copy Step */ = {
			isa = PBXShellScriptBuildPhase;
			buildActionMask = 2147483647;
			files = (
			);
			runOnlyForDeploymentPostprocessing = 0;
			name = "Plugin Copy Step";
			alwaysOutOfDate = 1;
			shellPath = /bin/sh;
			shellScript = "set -e\n\nif test \"$CONFIGURATION\" = \"Debug\"; then :\n\nxcrun codesign --verify \"${TARGET_BUILD_DIR}/${FULL_PRODUCT_NAME}\" || xcrun codesign -f -s - \"${TARGET_BUILD_DIR}/${FULL_PRODUCT_NAME}\"\n\nif [ -e \"$HOME/Library/Audio/Plug-Ins/VST3/${FULL_PRODUCT_NAME}\" ]; then :\n  echo \"Destination '$HOME/Library/Audio/Plug-Ins/VST3/${FULL_PRODUCT_NAME}' exists, overwriting\"\n  rm -rf \"$HOME/Library/Audio/Plug-Ins/VST3/${FULL_PRODUCT_NAME}\"\nfi\nmkdir -p \"$HOME/Library/Audio/Plug-Ins/VST3/\"\ncp -r \"${TARGET_BUILD_DIR}/${FULL_PRODUCT_NAME}\" \"$HOME/Library/Audio/Plug-Ins/VST3/\"\n\nfi\n\n\nif test \"$CONFIGURATION\" = \"Release\"; then :\n\nxcrun codesign --verify \"${TARGET_BUILD_DIR}/${FULL_PRODUCT_NAME}\" || xcrun codesign -f -s - \"${TARGET_BUILD_DIR}/${FULL_PRODUCT_NAME}\"\n\nif [ -e \"$HOME/Library/Audio/Plug-Ins/VST3/${FULL_PRODUCT_NAME}\" ]; then :\n  echo \"Destination '$HOME/Library/Audio/Plug-Ins/VST3/${FULL_PRODUCT_NAME}' exists, overwriting\"\n  rm -rf \"$HOME/Library/Audio/Plug-Ins/VST3/${FULL_PRODUCT_NAME}\"\nfi\nmkdir -p \"$HOME/Library/Audio/Plug-Ins/VST3/\"\ncp -r \"${TARGET_BUILD_DIR}/${FULL_PRODUCT_NAME}\" \"$HOME/Library/Audio/Plug-Ins/VST3/\"\n\nfi\n";
		};
		A84DB6718447CA77B377453E /* Plugin Copy Step */ = {
			isa = PBXShellScriptBuildPhase;
			buildActionMask = 2147483647;
			files = (
			);
			runOnlyForDeploymentPostprocessing = 0;
			name = "Plugin Copy Step";
			alwaysOutOfDate = 1;
			shellPath = /bin/sh;
			shellScript = "set -e\n\nif test \"$CONFIGURATION\" = \"Debug\"; then :\n\nxcrun codesign --verify \"${TARGET_BUILD_DIR}/${FULL_PRODUCT_NAME}\" || xcrun codesign -f -s - \"${TARGET_BUILD_DIR}/${FULL_PRODUCT_NAME}\"\n\nif [ -e \"$HOME/Library/Audio/Plug-Ins/Components/${FULL_PRODUCT_NAME}\" ]; then :\n  echo \"Destination '$HOME/Library/Audio/Plug-Ins/Components/${FULL_PRODUCT_NAME}' exists, overwriting\"\n  rm -rf \"$HOME/Library/Audio/Plug-Ins/Components/${FULL_PRODUCT_NAME}\"\nfi\nmkdir -p \"$HOME/Library/Audio/Plug-Ins/Components/\"\ncp -r \"${TARGET_BUILD_DIR}/${FULL_PRODUCT_NAME}\" \"$HOME/Library/Audio/Plug-Ins/Components/\"\n\nfi\n\n\nif test \"$CONFIGURATION\" = \"Release\"; then :\n\nxcrun codesign --verify \"${TARGET_BUILD_DIR}/${FULL_PRODUCT_NAME}\" || xcrun codesign -f -s - \"${TARGET_BUILD_DIR}/${FULL_PRODUCT_NAME}\"\n\nif [ -e \"$HOME/Library/Audio/Plug-Ins/Components/${FULL_PRODUCT_NAME}\" ]; then :\n  echo \"Destination '$HOME/Library/Audio/Plug-Ins/Components/${FULL_PRODUCT_NAME}' exists, overwriting\"\n  rm -rf \"$HOME/Library/Audio/Plug-Ins/Components/${FULL_PRODUCT_NAME}\"\nfi\nmkdir -p \"$HOME/Library/Audio/Plug-Ins/Components/\"\ncp -r \"${TARGET_BUILD_DIR}/${FULL_PRODUCT_NAME}\" \"$HOME/Library/Audio/Plug-Ins/Components/\"\n\nfi\n";
		};
		AD15641768EE37834FE1641B /* Update manifest */ = {
			isa = PBXShellScriptBuildPhase;
			buildActionMask = 2147483647;
			files = (
			);
			runOnlyForDeploymentPostprocessing = 0;
			name = "Update manifest";
			alwaysOutOfDate = 1;
			shellPath = /bin/sh;
			shellScript = "set -e\nrm -f \"$CONFIGURATION_BUILD_DIR/$FULL_PRODUCT_NAME/Contents/moduleinfo.json\"\n\nxcrun codesign --verify \"$CONFIGURATION_BUILD_DIR/$FULL_PRODUCT_NAME\" || xcrun codesign -f -s - \"$CONFIGURATION_BUILD_DIR/$FULL_PRODUCT_NAME\"\n\"$CONFIGURATION_BUILD_DIR/juce_vst3_helper\" -create -version \"1.4.4\" -path \"$CONFIGURATION_BUILD_DIR/$FULL_PRODUCT_NAME\" -output \"$CONFIGURATION_BUILD_DIR/$FULL_PRODUCT_NAME/Contents/Resources/moduleinfo.json\"\n";
		};
/* End PBXShellScriptBuildPhase section */

/* Begin PBXSourcesBuildPhase section */
		257B45FEA702C4F065CA1F1E = {
			isa = PBXSourcesBuildPhase;
			buildActionMask = 2147483647;
			files = (
				DB9DBF78BF292A54CA3A477A,
				75A383D66BD43064D34E8816,
			);
			runOnlyForDeploymentPostprocessing = 0;
		};
		446E06E16D09AF6A2302CEBD = {
			isa = PBXSourcesBuildPhase;
			buildActionMask = 2147483647;
			files = (
				4A67B7E863F713D4828CFA5D,
			);
			runOnlyForDeploymentPostprocessing = 0;
		};
		4BB9EF2BE8EF617CF10ACAE3 = {
			isa = PBXSourcesBuildPhase;
			buildActionMask = 2147483647;
			files = (
				D8D3959B75ABF7E2B067C10C,
				BFFFC978AD7E6951585D6180,
				80DABF588F2D90E62B2CF203,
				1CB86834774B01E540B63003,
				E197A97D5AF9C9172903E8FA,
				967753C553B138B5143ABF0F,
				BFDCBB0D7164C8B80DA90C1E,
				B973FA0CD2C700643DA89BF4,
				34EE9603E56825462DE82B3D,
				1571BFD1AC982945BE7122E4,
				F2DBF002B600775B0AABD6B6,
				AEFEF5B521E7C24BE593CDD0,
				71E5D5523B267E35D9899B87,
				7F351054FF1AEB7ED42E1106,
				58F282214143BB60BECDF443,
				5B19066807BE6E341FD6A2CA,
				023DD98F8B3CA3410A0F8513,
			);
			runOnlyForDeploymentPostprocessing = 0;
		};
		6AF4739420C81B580A81B398 = {
			isa = PBXSourcesBuildPhase;
			buildActionMask = 2147483647;
			files = (
				1176C55183A09DEA2E5EE858,
			);
			runOnlyForDeploymentPostprocessing = 0;
		};
		7D0289D9DFD56A914D439EA9 = {
			isa = PBXSourcesBuildPhase;
			buildActionMask = 2147483647;
			files = (
				B0430856372064313E1214DC,
			);
			runOnlyForDeploymentPostprocessing = 0;
		};
/* End PBXSourcesBuildPhase section */

/* Begin PBXTargetDependency section */
		07391CD94B36C1DAD03FA17C = {
			isa = PBXTargetDependency;
			target = 6A9BC79ACB5F867A0444D940;
		};
		13DBF09E7622B237E16BB4F2 = {
			isa = PBXTargetDependency;
			target = F74D72440305E031861CD175;
		};
		55EEE86300006FD42012B786 = {
			isa = PBXTargetDependency;
			target = ADFCCD2D23F1BD1E5C48465D;
		};
		7CEEAD1DD3ED1F19673C50CB = {
			isa = PBXTargetDependency;
			target = F74D72440305E031861CD175;
		};
		8E11AB4554C60D6A7ECB5F20 = {
			isa = PBXTargetDependency;
			target = F74D72440305E031861CD175;
		};
		BB0C87A0F6EF6F410D28AF06 = {
			isa = PBXTargetDependency;
			target = 7AB1C8655603736C30B3FF74;
		};
		C39E3DD5B27F6337ED7180FB = {
			isa = PBXTargetDependency;
			target = 27677145995F7BA884B14259;
		};
		DCB28111AFA6C4F5658BBB2E = {
			isa = PBXTargetDependency;
			target = 6A9BC79ACB5F867A0444D940;
		};
		E4DEA1E38D81883426F232F5 = {
			isa = PBXTargetDependency;
			target = F74D72440305E031861CD175;
		};
/* End PBXTargetDependency section */

/* Begin XCBuildConfiguration section */
		01ACDF3C1BCF6F931B303424 /* Debug */ = {
			isa = XCBuildConfiguration;
			buildSettings = {
				ALWAYS_SEARCH_USER_PATHS = NO;
				CLANG_ENABLE_OBJC_WEAK = YES;
				CLANG_WARN_BLOCK_CAPTURE_AUTORELEASING = YES;
				CLANG_WARN_BOOL_CONVERSION = YES;
				CLANG_WARN_COMMA = YES;
				CLANG_WARN_CONSTANT_CONVERSION = YES;
				CLANG_WARN_DEPRECATED_OBJC_IMPLEMENTATIONS = YES;
				CLANG_WARN_EMPTY_BODY = YES;
				CLANG_WARN_ENUM_CONVERSION = YES;
				CLANG_WARN_INFINITE_RECURSION = YES;
				CLANG_WARN_INT_CONVERSION = YES;
				CLANG_WARN_NON_LITERAL_NULL_CONVERSION = YES;
				CLANG_WARN_OBJC_IMPLICIT_RETAIN_SELF = YES;
				CLANG_WARN_OBJC_LITERAL_CONVERSION = YES;
				CLANG_WARN_RANGE_LOOP_ANALYSIS = YES;
				CLANG_WARN_STRICT_PROTOTYPES = YES;
				CLANG_WARN_SUSPICIOUS_MOVE = YES;
				CLANG_WARN_UNREACHABLE_CODE = YES;
				CLANG_WARN__DUPLICATE_METHOD_MATCH = YES;
				DEBUG_INFORMATION_FORMAT = dwarf;
				ENABLE_STRICT_OBJC_MSGSEND = YES;
				ENABLE_TESTABILITY = NO;
				GCC_C_LANGUAGE_STANDARD = c11;
				GCC_INLINES_ARE_PRIVATE_EXTERN = YES;
				GCC_MODEL_TUNING = G5;
				GCC_NO_COMMON_BLOCKS = YES;
				GCC_SYMBOLS_PRIVATE_EXTERN = YES;
				GCC_WARN_64_TO_32_BIT_CONVERSION = YES;
				GCC_WARN_ABOUT_RETURN_TYPE = YES;
				GCC_WARN_CHECK_SWITCH_STATEMENTS = YES;
				GCC_WARN_MISSING_PARENTHESES = YES;
				GCC_WARN_NON_VIRTUAL_DESTRUCTOR = YES;
				GCC_WARN_TYPECHECK_CALLS_TO_PRINTF = YES;
				GCC_WARN_UNDECLARED_SELECTOR = YES;
				GCC_WARN_UNINITIALIZED_AUTOS = YES;
				GCC_WARN_UNUSED_FUNCTION = YES;
				GCC_WARN_UNUSED_VARIABLE = YES;
				ONLY_ACTIVE_ARCH = YES;
				PRODUCT_NAME = "Red Belly Sea Sweeper";
				SDKROOT = macosx;
				WARNING_CFLAGS = "-Wreorder";
				ZERO_LINK = NO;
			};
			name = Debug;
		};
		1BE99C16D116BB662A4FD957 /* Release */ = {
			isa = XCBuildConfiguration;
			buildSettings = {
				CLANG_CXX_LANGUAGE_STANDARD = "c++17";
				CLANG_CXX_LIBRARY = "libc++";
				CLANG_LINK_OBJC_RUNTIME = NO;
				COMBINE_HIDPI_IMAGES = YES;
				CONFIGURATION_BUILD_DIR = "$(PROJECT_DIR)/build/$(CONFIGURATION)";
				DEAD_CODE_STRIPPING = YES;
				EXCLUDED_ARCHS = "";
				GCC_GENERATE_DEBUGGING_SYMBOLS = NO;
				GCC_OPTIMIZATION_LEVEL = 3;
				GCC_PREPROCESSOR_DEFINITIONS = (
					"_NDEBUG=1",
					"NDEBUG=1",
					"JUCE_DISPLAY_SPLASH_SCREEN=0",
					"JUCE_USE_DARK_SPLASH_SCREEN=1",
					"JUCE_PROJUCER_VERSION=0x70009",
					"JUCE_MODULE_AVAILABLE_juce_audio_basics=1",
					"JUCE_MODULE_AVAILABLE_juce_audio_devices=1",
					"JUCE_MODULE_AVAILABLE_juce_audio_formats=1",
					"JUCE_MODULE_AVAILABLE_juce_audio_plugin_client=1",
					"JUCE_MODULE_AVAILABLE_juce_audio_processors=1",
					"JUCE_MODULE_AVAILABLE_juce_audio_utils=1",
					"JUCE_MODULE_AVAILABLE_juce_core=1",
					"JUCE_MODULE_AVAILABLE_juce_data_structures=1",
					"JUCE_MODULE_AVAILABLE_juce_dsp=1",
					"JUCE_MODULE_AVAILABLE_juce_events=1",
					"JUCE_MODULE_AVAILABLE_juce_graphics=1",
					"JUCE_MODULE_AVAILABLE_juce_gui_basics=1",
					"JUCE_MODULE_AVAILABLE_juce_gui_extra=1",
					"JUCE_GLOBAL_MODULE_SETTINGS_INCLUDED=1",
					"JucePlugin_Build_VST=0",
					"JucePlugin_Build_VST3=0",
					"JucePlugin_Build_AU=0",
					"JucePlugin_Build_AUv3=0",
					"JucePlugin_Build_AAX=0",
					"JucePlugin_Build_Standalone=1",
					"JucePlugin_Build_Unity=0",
					"JucePlugin_Build_LV2=0",
					"JucePlugin_Enable_IAA=0",
					"JucePlugin_Enable_ARA=0",
					"JucePlugin_Name=\\\"Red\\ Belly\\ Sea\\ Sweeper\\\"",
					"JucePlugin_Desc=\\\"Red\\ Belly\\ Sea\\ Sweeper\\\"",
					"JucePlugin_Manufacturer=\\\"Garden\\ of\\ Ed\\\"",
					"JucePlugin_ManufacturerWebsite=\\\"https://gardenofed.com\\\"",
					"JucePlugin_ManufacturerEmail=\\\"\\\"",
					"JucePlugin_ManufacturerCode=0x476f4564",
					"JucePlugin_PluginCode=0x52625373",
					"JucePlugin_IsSynth=1",
					"JucePlugin_WantsMidiInput=1",
					"JucePlugin_ProducesMidiOutput=0",
					"JucePlugin_IsMidiEffect=0",
					"JucePlugin_EditorRequiresKeyboardFocus=0",
					"JucePlugin_Version=1.4.4",
					"JucePlugin_VersionCode=0x10404",
					"JucePlugin_VersionString=\\\"1.4.4\\\"",
					"JucePlugin_VSTUniqueID=JucePlugin_PluginCode",
					"JucePlugin_VSTCategory=kPlugCategSynth",
					"JucePlugin_Vst3Category=\\\"Instrument|Synth\\\"",
					"JucePlugin_AUMainType=\\'aumu\\'",
					"JucePlugin_AUSubType=JucePlugin_PluginCode",
					"JucePlugin_AUExportPrefix=RedBellySeaSweeperAU",
					"JucePlugin_AUExportPrefixQuoted=\\\"RedBellySeaSweeperAU\\\"",
					"JucePlugin_AUManufacturerCode=JucePlugin_ManufacturerCode",
					"JucePlugin_CFBundleIdentifier=com.gardenofed.redbellyseasweeper",
					"JucePlugin_AAXIdentifier=com.gardenofed.redbellyseasweeper",
					"JucePlugin_AAXManufacturerCode=JucePlugin_ManufacturerCode",
					"JucePlugin_AAXProductId=JucePlugin_PluginCode",
					"JucePlugin_AAXCategory=2",
					"JucePlugin_AAXDisableBypass=0",
					"JucePlugin_AAXDisableMultiMono=0",
					"JucePlugin_IAAType=0x61757269",
					"JucePlugin_IAASubType=JucePlugin_PluginCode",
					"JucePlugin_IAAName=\\\"Garden\\ of\\ Ed:\\ Red\\ Belly\\ Sea\\ Sweeper\\\"",
					"JucePlugin_VSTNumMidiInputs=16",
					"JucePlugin_VSTNumMidiOutputs=16",
					"JucePlugin_ARAContentTypes=0",
					"JucePlugin_ARATransformationFlags=0",
					"JucePlugin_ARAFactoryID=\\\"com.GardenofEd.RedBellySeaSweeper.factory\\\"",
					"JucePlugin_ARADocumentArchiveID=\\\"com.GardenofEd.RedBellySeaSweeper.aradocumentarchive.1.4.4\\\"",
					"JucePlugin_ARACompatibleArchiveIDs=\\\"\\\"",
					"JUCE_STANDALONE_APPLICATION=JucePlugin_Build_Standalone",
					"JUCE_VST3_CAN_REPLACE_VST2=0",
					"JUCER_XCODE_MAC_F6D2F4CF=1",
					"JUCE_APP_VERSION=1.4.4",
					"JUCE_APP_VERSION_HEX=0x10404",
				);
				GCC_VERSION = com.apple.compilers.llvm.clang.1_0;
				HEADER_SEARCH_PATHS = (
					"$(SRCROOT)/../../modules/juce_audio_processors/format_types/VST3_SDK",
					"$(SRCROOT)/../../JuceLibraryCode",
					"$(SRCROOT)/../../modules",
					"$(SRCROOT)/../../modules/juce_audio_plugin_client/AU",
					"$(inherited)",
				);
				INFOPLIST_FILE = Info-Standalone_Plugin.plist;
				INFOPLIST_PREPROCESS = NO;
				LLVM_LTO = YES;
				MACOSX_DEPLOYMENT_TARGET = 10.13;
				MTL_HEADER_SEARCH_PATHS = "$(SRCROOT)/../../modules/juce_audio_processors/format_types/VST3_SDK $(SRCROOT)/../../JuceLibraryCode $(SRCROOT)/../../modules $(SRCROOT)/../../modules/juce_audio_plugin_client/AU";
				OTHER_LDFLAGS = "-lRed\\ Belly\\ Sea\\ Sweeper";
				PRODUCT_BUNDLE_IDENTIFIER = com.gardenofed.redbellyseasweeper;
				PRODUCT_NAME = "Red Belly Sea Sweeper";
				USE_HEADERMAP = NO;
				VALID_ARCHS = "i386 x86_64 arm64 arm64e";
			};
			name = Release;
		};
		35846936C047A89A25F6693D /* Release */ = {
			isa = XCBuildConfiguration;
			buildSettings = {
				CLANG_CXX_LANGUAGE_STANDARD = "c++17";
				CLANG_CXX_LIBRARY = "libc++";
				CLANG_LINK_OBJC_RUNTIME = NO;
				COMBINE_HIDPI_IMAGES = YES;
				CONFIGURATION_BUILD_DIR = "$(PROJECT_DIR)/build/$(CONFIGURATION)";
				DEAD_CODE_STRIPPING = YES;
				EXCLUDED_ARCHS = "";
				GCC_GENERATE_DEBUGGING_SYMBOLS = NO;
				GCC_OPTIMIZATION_LEVEL = 3;
				GCC_PREPROCESSOR_DEFINITIONS = (
					"_NDEBUG=1",
					"NDEBUG=1",
					"JUCE_DISPLAY_SPLASH_SCREEN=0",
					"JUCE_USE_DARK_SPLASH_SCREEN=1",
					"JUCE_PROJUCER_VERSION=0x70009",
					"JUCE_MODULE_AVAILABLE_juce_audio_basics=1",
					"JUCE_MODULE_AVAILABLE_juce_audio_devices=1",
					"JUCE_MODULE_AVAILABLE_juce_audio_formats=1",
					"JUCE_MODULE_AVAILABLE_juce_audio_plugin_client=1",
					"JUCE_MODULE_AVAILABLE_juce_audio_processors=1",
					"JUCE_MODULE_AVAILABLE_juce_audio_utils=1",
					"JUCE_MODULE_AVAILABLE_juce_core=1",
					"JUCE_MODULE_AVAILABLE_juce_data_structures=1",
					"JUCE_MODULE_AVAILABLE_juce_dsp=1",
					"JUCE_MODULE_AVAILABLE_juce_events=1",
					"JUCE_MODULE_AVAILABLE_juce_graphics=1",
					"JUCE_MODULE_AVAILABLE_juce_gui_basics=1",
					"JUCE_MODULE_AVAILABLE_juce_gui_extra=1",
					"JUCE_GLOBAL_MODULE_SETTINGS_INCLUDED=1",
					"JucePlugin_Build_VST=0",
					"JucePlugin_Build_VST3=0",
					"JucePlugin_Build_AU=1",
					"JucePlugin_Build_AUv3=0",
					"JucePlugin_Build_AAX=0",
					"JucePlugin_Build_Standalone=0",
					"JucePlugin_Build_Unity=0",
					"JucePlugin_Build_LV2=0",
					"JucePlugin_Enable_IAA=0",
					"JucePlugin_Enable_ARA=0",
					"JucePlugin_Name=\\\"Red\\ Belly\\ Sea\\ Sweeper\\\"",
					"JucePlugin_Desc=\\\"Red\\ Belly\\ Sea\\ Sweeper\\\"",
					"JucePlugin_Manufacturer=\\\"Garden\\ of\\ Ed\\\"",
					"JucePlugin_ManufacturerWebsite=\\\"https://gardenofed.com\\\"",
					"JucePlugin_ManufacturerEmail=\\\"\\\"",
					"JucePlugin_ManufacturerCode=0x476f4564",
					"JucePlugin_PluginCode=0x52625373",
					"JucePlugin_IsSynth=1",
					"JucePlugin_WantsMidiInput=1",
					"JucePlugin_ProducesMidiOutput=0",
					"JucePlugin_IsMidiEffect=0",
					"JucePlugin_EditorRequiresKeyboardFocus=0",
					"JucePlugin_Version=1.4.4",
					"JucePlugin_VersionCode=0x10404",
					"JucePlugin_VersionString=\\\"1.4.4\\\"",
					"JucePlugin_VSTUniqueID=JucePlugin_PluginCode",
					"JucePlugin_VSTCategory=kPlugCategSynth",
					"JucePlugin_Vst3Category=\\\"Instrument|Synth\\\"",
					"JucePlugin_AUMainType=\\'aumu\\'",
					"JucePlugin_AUSubType=JucePlugin_PluginCode",
					"JucePlugin_AUExportPrefix=RedBellySeaSweeperAU",
					"JucePlugin_AUExportPrefixQuoted=\\\"RedBellySeaSweeperAU\\\"",
					"JucePlugin_AUManufacturerCode=JucePlugin_ManufacturerCode",
					"JucePlugin_CFBundleIdentifier=com.gardenofed.redbellyseasweeper",
					"JucePlugin_AAXIdentifier=com.gardenofed.redbellyseasweeper",
					"JucePlugin_AAXManufacturerCode=JucePlugin_ManufacturerCode",
					"JucePlugin_AAXProductId=JucePlugin_PluginCode",
					"JucePlugin_AAXCategory=2",
					"JucePlugin_AAXDisableBypass=0",
					"JucePlugin_AAXDisableMultiMono=0",
					"JucePlugin_IAAType=0x61757269",
					"JucePlugin_IAASubType=JucePlugin_PluginCode",
					"JucePlugin_IAAName=\\\"Garden\\ of\\ Ed:\\ Red\\ Belly\\ Sea\\ Sweeper\\\"",
					"JucePlugin_VSTNumMidiInputs=16",
					"JucePlugin_VSTNumMidiOutputs=16",
					"JucePlugin_ARAContentTypes=0",
					"JucePlugin_ARATransformationFlags=0",
					"JucePlugin_ARAFactoryID=\\\"com.GardenofEd.RedBellySeaSweeper.factory\\\"",
					"JucePlugin_ARADocumentArchiveID=\\\"com.GardenofEd.RedBellySeaSweeper.aradocumentarchive.1.4.4\\\"",
					"JucePlugin_ARACompatibleArchiveIDs=\\\"\\\"",
					"JUCE_STANDALONE_APPLICATION=JucePlugin_Build_Standalone",
					"JUCE_VST3_CAN_REPLACE_VST2=0",
					"JUCER_XCODE_MAC_F6D2F4CF=1",
					"JUCE_APP_VERSION=1.4.4",
					"JUCE_APP_VERSION_HEX=0x10404",
				);
				GCC_VERSION = com.apple.compilers.llvm.clang.1_0;
				GENERATE_PKGINFO_FILE = YES;
				HEADER_SEARCH_PATHS = (
					"$(SRCROOT)/../../modules/juce_audio_processors/format_types/VST3_SDK",
					"$(SRCROOT)/../../JuceLibraryCode",
					"$(SRCROOT)/../../modules",
					"$(SRCROOT)/../../modules/juce_audio_plugin_client/AU",
					"$(inherited)",
				);
				INFOPLIST_FILE = Info-AU.plist;
				INFOPLIST_PREPROCESS = NO;
				INSTALL_PATH = "$(HOME)/Library/Audio/Plug-Ins/Components/";
				LIBRARY_STYLE = Bundle;
				LLVM_LTO = YES;
				MACOSX_DEPLOYMENT_TARGET = 10.13;
				MTL_HEADER_SEARCH_PATHS = "$(SRCROOT)/../../modules/juce_audio_processors/format_types/VST3_SDK $(SRCROOT)/../../JuceLibraryCode $(SRCROOT)/../../modules $(SRCROOT)/../../modules/juce_audio_plugin_client/AU";
				OTHER_LDFLAGS = "-bundle -lRed\\ Belly\\ Sea\\ Sweeper";
				OTHER_REZFLAGS = "-d ppc_$ppc -d i386_$i386 -d ppc64_$ppc64 -d x86_64_$x86_64 -d arm64_$arm64 -I /System/Library/Frameworks/CoreServices.framework/Frameworks/CarbonCore.framework/Versions/A/Headers -I \"$(DEVELOPER_DIR)/Extras/CoreAudio/AudioUnits/AUPublic/AUBase\" -I \"$(DEVELOPER_DIR)/Platforms/MacOSX.platform/Developer/SDKs/MacOSX.sdk/System/Library/Frameworks/AudioUnit.framework/Headers\"";
				PRODUCT_BUNDLE_IDENTIFIER = com.gardenofed.redbellyseasweeper;
				PRODUCT_NAME = "Red Belly Sea Sweeper";
				USE_HEADERMAP = NO;
				VALID_ARCHS = "i386 x86_64 arm64 arm64e";
				WRAPPER_EXTENSION = component;
			};
			name = Release;
		};
		52620294F012BEACC83DDE16 /* Release */ = {
			isa = XCBuildConfiguration;
			buildSettings = {
				ALWAYS_SEARCH_USER_PATHS = NO;
				CLANG_ENABLE_OBJC_WEAK = YES;
				CLANG_WARN_BLOCK_CAPTURE_AUTORELEASING = YES;
				CLANG_WARN_BOOL_CONVERSION = YES;
				CLANG_WARN_COMMA = YES;
				CLANG_WARN_CONSTANT_CONVERSION = YES;
				CLANG_WARN_DEPRECATED_OBJC_IMPLEMENTATIONS = YES;
				CLANG_WARN_EMPTY_BODY = YES;
				CLANG_WARN_ENUM_CONVERSION = YES;
				CLANG_WARN_INFINITE_RECURSION = YES;
				CLANG_WARN_INT_CONVERSION = YES;
				CLANG_WARN_NON_LITERAL_NULL_CONVERSION = YES;
				CLANG_WARN_OBJC_IMPLICIT_RETAIN_SELF = YES;
				CLANG_WARN_OBJC_LITERAL_CONVERSION = YES;
				CLANG_WARN_RANGE_LOOP_ANALYSIS = YES;
				CLANG_WARN_STRICT_PROTOTYPES = YES;
				CLANG_WARN_SUSPICIOUS_MOVE = YES;
				CLANG_WARN_UNREACHABLE_CODE = YES;
				CLANG_WARN__DUPLICATE_METHOD_MATCH = YES;
				DEBUG_INFORMATION_FORMAT = dwarf;
				ENABLE_STRICT_OBJC_MSGSEND = YES;
				ENABLE_TESTABILITY = NO;
				GCC_C_LANGUAGE_STANDARD = c11;
				GCC_INLINES_ARE_PRIVATE_EXTERN = YES;
				GCC_MODEL_TUNING = G5;
				GCC_NO_COMMON_BLOCKS = YES;
				GCC_SYMBOLS_PRIVATE_EXTERN = YES;
				GCC_WARN_64_TO_32_BIT_CONVERSION = YES;
				GCC_WARN_ABOUT_RETURN_TYPE = YES;
				GCC_WARN_CHECK_SWITCH_STATEMENTS = YES;
				GCC_WARN_MISSING_PARENTHESES = YES;
				GCC_WARN_NON_VIRTUAL_DESTRUCTOR = YES;
				GCC_WARN_TYPECHECK_CALLS_TO_PRINTF = YES;
				GCC_WARN_UNDECLARED_SELECTOR = YES;
				GCC_WARN_UNINITIALIZED_AUTOS = YES;
				GCC_WARN_UNUSED_FUNCTION = YES;
				GCC_WARN_UNUSED_VARIABLE = YES;
				PRODUCT_NAME = "Red Belly Sea Sweeper";
				SDKROOT = macosx;
				WARNING_CFLAGS = "-Wreorder";
				ZERO_LINK = NO;
			};
			name = Release;
		};
		6654E3BC1E1918DAA6BACD80 /* Release */ = {
			isa = XCBuildConfiguration;
			buildSettings = {
				CLANG_CXX_LANGUAGE_STANDARD = "c++17";
				CLANG_CXX_LIBRARY = "libc++";
				CLANG_LINK_OBJC_RUNTIME = NO;
				COMBINE_HIDPI_IMAGES = YES;
				CONFIGURATION_BUILD_DIR = "$(PROJECT_DIR)/build/$(CONFIGURATION)";
				DEAD_CODE_STRIPPING = YES;
				EXCLUDED_ARCHS = "";
				GCC_GENERATE_DEBUGGING_SYMBOLS = NO;
				GCC_OPTIMIZATION_LEVEL = 3;
				GCC_PREPROCESSOR_DEFINITIONS = (
					"_NDEBUG=1",
					"NDEBUG=1",
					"JUCE_DISPLAY_SPLASH_SCREEN=0",
					"JUCE_USE_DARK_SPLASH_SCREEN=1",
					"JUCE_PROJUCER_VERSION=0x70009",
					"JUCE_MODULE_AVAILABLE_juce_audio_basics=1",
					"JUCE_MODULE_AVAILABLE_juce_audio_devices=1",
					"JUCE_MODULE_AVAILABLE_juce_audio_formats=1",
					"JUCE_MODULE_AVAILABLE_juce_audio_plugin_client=1",
					"JUCE_MODULE_AVAILABLE_juce_audio_processors=1",
					"JUCE_MODULE_AVAILABLE_juce_audio_utils=1",
					"JUCE_MODULE_AVAILABLE_juce_core=1",
					"JUCE_MODULE_AVAILABLE_juce_data_structures=1",
					"JUCE_MODULE_AVAILABLE_juce_dsp=1",
					"JUCE_MODULE_AVAILABLE_juce_events=1",
					"JUCE_MODULE_AVAILABLE_juce_graphics=1",
					"JUCE_MODULE_AVAILABLE_juce_gui_basics=1",
					"JUCE_MODULE_AVAILABLE_juce_gui_extra=1",
					"JUCE_GLOBAL_MODULE_SETTINGS_INCLUDED=1",
					"JucePlugin_Build_VST=0",
					"JucePlugin_Build_VST3=0",
					"JucePlugin_Build_AU=0",
					"JucePlugin_Build_AUv3=0",
					"JucePlugin_Build_AAX=0",
					"JucePlugin_Build_Standalone=0",
					"JucePlugin_Build_Unity=0",
					"JucePlugin_Build_LV2=0",
					"JucePlugin_Enable_IAA=0",
					"JucePlugin_Enable_ARA=0",
					"JucePlugin_Name=\\\"Red\\ Belly\\ Sea\\ Sweeper\\\"",
					"JucePlugin_Desc=\\\"Red\\ Belly\\ Sea\\ Sweeper\\\"",
					"JucePlugin_Manufacturer=\\\"Garden\\ of\\ Ed\\\"",
					"JucePlugin_ManufacturerWebsite=\\\"https://gardenofed.com\\\"",
					"JucePlugin_ManufacturerEmail=\\\"\\\"",
					"JucePlugin_ManufacturerCode=0x476f4564",
					"JucePlugin_PluginCode=0x52625373",
					"JucePlugin_IsSynth=1",
					"JucePlugin_WantsMidiInput=1",
					"JucePlugin_ProducesMidiOutput=0",
					"JucePlugin_IsMidiEffect=0",
					"JucePlugin_EditorRequiresKeyboardFocus=0",
					"JucePlugin_Version=1.4.4",
					"JucePlugin_VersionCode=0x10404",
					"JucePlugin_VersionString=\\\"1.4.4\\\"",
					"JucePlugin_VSTUniqueID=JucePlugin_PluginCode",
					"JucePlugin_VSTCategory=kPlugCategSynth",
					"JucePlugin_Vst3Category=\\\"Instrument|Synth\\\"",
					"JucePlugin_AUMainType=\\'aumu\\'",
					"JucePlugin_AUSubType=JucePlugin_PluginCode",
					"JucePlugin_AUExportPrefix=RedBellySeaSweeperAU",
					"JucePlugin_AUExportPrefixQuoted=\\\"RedBellySeaSweeperAU\\\"",
					"JucePlugin_AUManufacturerCode=JucePlugin_ManufacturerCode",
					"JucePlugin_CFBundleIdentifier=com.gardenofed.redbellyseasweeper",
					"JucePlugin_AAXIdentifier=com.gardenofed.redbellyseasweeper",
					"JucePlugin_AAXManufacturerCode=JucePlugin_ManufacturerCode",
					"JucePlugin_AAXProductId=JucePlugin_PluginCode",
					"JucePlugin_AAXCategory=2",
					"JucePlugin_AAXDisableBypass=0",
					"JucePlugin_AAXDisableMultiMono=0",
					"JucePlugin_IAAType=0x61757269",
					"JucePlugin_IAASubType=JucePlugin_PluginCode",
					"JucePlugin_IAAName=\\\"Garden\\ of\\ Ed:\\ Red\\ Belly\\ Sea\\ Sweeper\\\"",
					"JucePlugin_VSTNumMidiInputs=16",
					"JucePlugin_VSTNumMidiOutputs=16",
					"JucePlugin_ARAContentTypes=0",
					"JucePlugin_ARATransformationFlags=0",
					"JucePlugin_ARAFactoryID=\\\"com.GardenofEd.RedBellySeaSweeper.factory\\\"",
					"JucePlugin_ARADocumentArchiveID=\\\"com.GardenofEd.RedBellySeaSweeper.aradocumentarchive.1.4.4\\\"",
					"JucePlugin_ARACompatibleArchiveIDs=\\\"\\\"",
					"JUCE_STANDALONE_APPLICATION=JucePlugin_Build_Standalone",
					"JUCE_VST3_CAN_REPLACE_VST2=0",
					"JUCER_XCODE_MAC_F6D2F4CF=1",
					"JUCE_APP_VERSION=1.4.4",
					"JUCE_APP_VERSION_HEX=0x10404",
				);
				GCC_VERSION = com.apple.compilers.llvm.clang.1_0;
				HEADER_SEARCH_PATHS = (
					"$(SRCROOT)/../../modules/juce_audio_processors/format_types/VST3_SDK",
					"$(SRCROOT)/../../JuceLibraryCode",
					"$(SRCROOT)/../../modules",
					"$(SRCROOT)/../../modules/juce_audio_plugin_client/AU",
					"$(inherited)",
				);
				INFOPLIST_FILE = Info-VST3_Manifest_Helper.plist;
				INFOPLIST_PREPROCESS = NO;
				LLVM_LTO = YES;
				MACOSX_DEPLOYMENT_TARGET = 10.13;
				MTL_HEADER_SEARCH_PATHS = "$(SRCROOT)/../../modules/juce_audio_processors/format_types/VST3_SDK $(SRCROOT)/../../JuceLibraryCode $(SRCROOT)/../../modules $(SRCROOT)/../../modules/juce_audio_plugin_client/AU";
				PRODUCT_BUNDLE_IDENTIFIER = com.gardenofed.redbellyseasweeper;
				PRODUCT_NAME = "juce_vst3_helper";
				USE_HEADERMAP = NO;
				VALID_ARCHS = "i386 x86_64 arm64 arm64e";
			};
			name = Release;
		};
		7691224226CA528D693574C5 /* Release */ = {
			isa = XCBuildConfiguration;
			buildSettings = {
				MACOSX_DEPLOYMENT_TARGET = 10.13;
				SDKROOT = macosx;
			};
			name = Release;
		};
		7C01717E0CB7827006A7A3C0 /* Debug */ = {
			isa = XCBuildConfiguration;
			buildSettings = {
				CLANG_CXX_LANGUAGE_STANDARD = "c++17";
				CLANG_CXX_LIBRARY = "libc++";
				CLANG_LINK_OBJC_RUNTIME = NO;
				COMBINE_HIDPI_IMAGES = YES;
				CONFIGURATION_BUILD_DIR = "$(PROJECT_DIR)/build/$(CONFIGURATION)";
				COPY_PHASE_STRIP = NO;
				EXCLUDED_ARCHS = "";
				GCC_DYNAMIC_NO_PIC = NO;
				GCC_OPTIMIZATION_LEVEL = 0;
				GCC_PREPROCESSOR_DEFINITIONS = (
					"_DEBUG=1",
					"DEBUG=1",
					"JUCE_DISPLAY_SPLASH_SCREEN=0",
					"JUCE_USE_DARK_SPLASH_SCREEN=1",
					"JUCE_PROJUCER_VERSION=0x70009",
					"JUCE_MODULE_AVAILABLE_juce_audio_basics=1",
					"JUCE_MODULE_AVAILABLE_juce_audio_devices=1",
					"JUCE_MODULE_AVAILABLE_juce_audio_formats=1",
					"JUCE_MODULE_AVAILABLE_juce_audio_plugin_client=1",
					"JUCE_MODULE_AVAILABLE_juce_audio_processors=1",
					"JUCE_MODULE_AVAILABLE_juce_audio_utils=1",
					"JUCE_MODULE_AVAILABLE_juce_core=1",
					"JUCE_MODULE_AVAILABLE_juce_data_structures=1",
					"JUCE_MODULE_AVAILABLE_juce_dsp=1",
					"JUCE_MODULE_AVAILABLE_juce_events=1",
					"JUCE_MODULE_AVAILABLE_juce_graphics=1",
					"JUCE_MODULE_AVAILABLE_juce_gui_basics=1",
					"JUCE_MODULE_AVAILABLE_juce_gui_extra=1",
					"JUCE_GLOBAL_MODULE_SETTINGS_INCLUDED=1",
					"JucePlugin_Build_VST=0",
					"JucePlugin_Build_VST3=1",
					"JucePlugin_Build_AU=1",
					"JucePlugin_Build_AUv3=0",
					"JucePlugin_Build_AAX=0",
					"JucePlugin_Build_Standalone=1",
					"JucePlugin_Build_Unity=0",
					"JucePlugin_Build_LV2=0",
					"JucePlugin_Enable_IAA=0",
					"JucePlugin_Enable_ARA=0",
					"JucePlugin_Name=\\\"Red\\ Belly\\ Sea\\ Sweeper\\\"",
					"JucePlugin_Desc=\\\"Red\\ Belly\\ Sea\\ Sweeper\\\"",
					"JucePlugin_Manufacturer=\\\"Garden\\ of\\ Ed\\\"",
					"JucePlugin_ManufacturerWebsite=\\\"https://gardenofed.com\\\"",
					"JucePlugin_ManufacturerEmail=\\\"\\\"",
					"JucePlugin_ManufacturerCode=0x476f4564",
					"JucePlugin_PluginCode=0x52625373",
					"JucePlugin_IsSynth=1",
					"JucePlugin_WantsMidiInput=1",
					"JucePlugin_ProducesMidiOutput=0",
					"JucePlugin_IsMidiEffect=0",
					"JucePlugin_EditorRequiresKeyboardFocus=0",
					"JucePlugin_Version=1.4.4",
					"JucePlugin_VersionCode=0x10404",
					"JucePlugin_VersionString=\\\"1.4.4\\\"",
					"JucePlugin_VSTUniqueID=JucePlugin_PluginCode",
					"JucePlugin_VSTCategory=kPlugCategSynth",
					"JucePlugin_Vst3Category=\\\"Instrument|Synth\\\"",
					"JucePlugin_AUMainType=\\'aumu\\'",
					"JucePlugin_AUSubType=JucePlugin_PluginCode",
					"JucePlugin_AUExportPrefix=RedBellySeaSweeperAU",
					"JucePlugin_AUExportPrefixQuoted=\\\"RedBellySeaSweeperAU\\\"",
					"JucePlugin_AUManufacturerCode=JucePlugin_ManufacturerCode",
					"JucePlugin_CFBundleIdentifier=com.gardenofed.redbellyseasweeper",
					"JucePlugin_AAXIdentifier=com.gardenofed.redbellyseasweeper",
					"JucePlugin_AAXManufacturerCode=JucePlugin_ManufacturerCode",
					"JucePlugin_AAXProductId=JucePlugin_PluginCode",
					"JucePlugin_AAXCategory=2",
					"JucePlugin_AAXDisableBypass=0",
					"JucePlugin_AAXDisableMultiMono=0",
					"JucePlugin_IAAType=0x61757269",
					"JucePlugin_IAASubType=JucePlugin_PluginCode",
					"JucePlugin_IAAName=\\\"Garden\\ of\\ Ed:\\ Red\\ Belly\\ Sea\\ Sweeper\\\"",
					"JucePlugin_VSTNumMidiInputs=16",
					"JucePlugin_VSTNumMidiOutputs=16",
					"JucePlugin_ARAContentTypes=0",
					"JucePlugin_ARATransformationFlags=0",
					"JucePlugin_ARAFactoryID=\\\"com.GardenofEd.RedBellySeaSweeper.factory\\\"",
					"JucePlugin_ARADocumentArchiveID=\\\"com.GardenofEd.RedBellySeaSweeper.aradocumentarchive.1.4.4\\\"",
					"JucePlugin_ARACompatibleArchiveIDs=\\\"\\\"",
					"JUCE_STANDALONE_APPLICATION=JucePlugin_Build_Standalone",
					"JUCE_VST3_CAN_REPLACE_VST2=0",
					"JUCER_XCODE_MAC_F6D2F4CF=1",
					"JUCE_APP_VERSION=1.4.4",
					"JUCE_APP_VERSION_HEX=0x10404",
					"JUCE_SHARED_CODE=1",
				);
				GCC_VERSION = com.apple.compilers.llvm.clang.1_0;
				HEADER_SEARCH_PATHS = (
					"$(SRCROOT)/../../modules/juce_audio_processors/format_types/VST3_SDK",
					"$(SRCROOT)/../../JuceLibraryCode",
					"$(SRCROOT)/../../modules",
					"$(SRCROOT)/../../modules/juce_audio_plugin_client/AU",
					"$(inherited)",
				);
				INSTALL_PATH = "@executable_path/../Frameworks";
				MACOSX_DEPLOYMENT_TARGET = 10.13;
				MTL_HEADER_SEARCH_PATHS = "$(SRCROOT)/../../modules/juce_audio_processors/format_types/VST3_SDK $(SRCROOT)/../../JuceLibraryCode $(SRCROOT)/../../modules $(SRCROOT)/../../modules/juce_audio_plugin_client/AU";
				PRODUCT_BUNDLE_IDENTIFIER = com.gardenofed.redbellyseasweeper;
				PRODUCT_NAME = "Red Belly Sea Sweeper";
				SKIP_INSTALL = YES;
				USE_HEADERMAP = NO;
				VALID_ARCHS = "i386 x86_64 arm64 arm64e";
			};
			name = Debug;
		};
		9FB0CF81903FBC197A7D693E /* Debug */ = {
			isa = XCBuildConfiguration;
			buildSettings = {
				CLANG_CXX_LANGUAGE_STANDARD = "c++17";
				CLANG_CXX_LIBRARY = "libc++";
				CLANG_LINK_OBJC_RUNTIME = NO;
				COMBINE_HIDPI_IMAGES = YES;
				CONFIGURATION_BUILD_DIR = "$(PROJECT_DIR)/build/$(CONFIGURATION)";
				COPY_PHASE_STRIP = NO;
				EXCLUDED_ARCHS = "";
				GCC_DYNAMIC_NO_PIC = NO;
				GCC_OPTIMIZATION_LEVEL = 0;
				GCC_PREPROCESSOR_DEFINITIONS = (
					"_DEBUG=1",
					"DEBUG=1",
					"JUCE_DISPLAY_SPLASH_SCREEN=0",
					"JUCE_USE_DARK_SPLASH_SCREEN=1",
					"JUCE_PROJUCER_VERSION=0x70009",
					"JUCE_MODULE_AVAILABLE_juce_audio_basics=1",
					"JUCE_MODULE_AVAILABLE_juce_audio_devices=1",
					"JUCE_MODULE_AVAILABLE_juce_audio_formats=1",
					"JUCE_MODULE_AVAILABLE_juce_audio_plugin_client=1",
					"JUCE_MODULE_AVAILABLE_juce_audio_processors=1",
					"JUCE_MODULE_AVAILABLE_juce_audio_utils=1",
					"JUCE_MODULE_AVAILABLE_juce_core=1",
					"JUCE_MODULE_AVAILABLE_juce_data_structures=1",
					"JUCE_MODULE_AVAILABLE_juce_dsp=1",
					"JUCE_MODULE_AVAILABLE_juce_events=1",
					"JUCE_MODULE_AVAILABLE_juce_graphics=1",
					"JUCE_MODULE_AVAILABLE_juce_gui_basics=1",
					"JUCE_MODULE_AVAILABLE_juce_gui_extra=1",
					"JUCE_GLOBAL_MODULE_SETTINGS_INCLUDED=1",
					"JucePlugin_Build_VST=0",
					"JucePlugin_Build_VST3=1",
					"JucePlugin_Build_AU=0",
					"JucePlugin_Build_AUv3=0",
					"JucePlugin_Build_AAX=0",
					"JucePlugin_Build_Standalone=0",
					"JucePlugin_Build_Unity=0",
					"JucePlugin_Build_LV2=0",
					"JucePlugin_Enable_IAA=0",
					"JucePlugin_Enable_ARA=0",
					"JucePlugin_Name=\\\"Red\\ Belly\\ Sea\\ Sweeper\\\"",
					"JucePlugin_Desc=\\\"Red\\ Belly\\ Sea\\ Sweeper\\\"",
					"JucePlugin_Manufacturer=\\\"Garden\\ of\\ Ed\\\"",
					"JucePlugin_ManufacturerWebsite=\\\"https://gardenofed.com\\\"",
					"JucePlugin_ManufacturerEmail=\\\"\\\"",
					"JucePlugin_ManufacturerCode=0x476f4564",
					"JucePlugin_PluginCode=0x52625373",
					"JucePlugin_IsSynth=1",
					"JucePlugin_WantsMidiInput=1",
					"JucePlugin_ProducesMidiOutput=0",
					"JucePlugin_IsMidiEffect=0",
					"JucePlugin_EditorRequiresKeyboardFocus=0",
					"JucePlugin_Version=1.4.4",
					"JucePlugin_VersionCode=0x10404",
					"JucePlugin_VersionString=\\\"1.4.4\\\"",
					"JucePlugin_VSTUniqueID=JucePlugin_PluginCode",
					"JucePlugin_VSTCategory=kPlugCategSynth",
					"JucePlugin_Vst3Category=\\\"Instrument|Synth\\\"",
					"JucePlugin_AUMainType=\\'aumu\\'",
					"JucePlugin_AUSubType=JucePlugin_PluginCode",
					"JucePlugin_AUExportPrefix=RedBellySeaSweeperAU",
					"JucePlugin_AUExportPrefixQuoted=\\\"RedBellySeaSweeperAU\\\"",
					"JucePlugin_AUManufacturerCode=JucePlugin_ManufacturerCode",
					"JucePlugin_CFBundleIdentifier=com.gardenofed.redbellyseasweeper",
					"JucePlugin_AAXIdentifier=com.gardenofed.redbellyseasweeper",
					"JucePlugin_AAXManufacturerCode=JucePlugin_ManufacturerCode",
					"JucePlugin_AAXProductId=JucePlugin_PluginCode",
					"JucePlugin_AAXCategory=2",
					"JucePlugin_AAXDisableBypass=0",
					"JucePlugin_AAXDisableMultiMono=0",
					"JucePlugin_IAAType=0x61757269",
					"JucePlugin_IAASubType=JucePlugin_PluginCode",
					"JucePlugin_IAAName=\\\"Garden\\ of\\ Ed:\\ Red\\ Belly\\ Sea\\ Sweeper\\\"",
					"JucePlugin_VSTNumMidiInputs=16",
					"JucePlugin_VSTNumMidiOutputs=16",
					"JucePlugin_ARAContentTypes=0",
					"JucePlugin_ARATransformationFlags=0",
					"JucePlugin_ARAFactoryID=\\\"com.GardenofEd.RedBellySeaSweeper.factory\\\"",
					"JucePlugin_ARADocumentArchiveID=\\\"com.GardenofEd.RedBellySeaSweeper.aradocumentarchive.1.4.4\\\"",
					"JucePlugin_ARACompatibleArchiveIDs=\\\"\\\"",
					"JUCE_STANDALONE_APPLICATION=JucePlugin_Build_Standalone",
					"JUCE_VST3_CAN_REPLACE_VST2=0",
					"JUCER_XCODE_MAC_F6D2F4CF=1",
					"JUCE_APP_VERSION=1.4.4",
					"JUCE_APP_VERSION_HEX=0x10404",
				);
				GCC_VERSION = com.apple.compilers.llvm.clang.1_0;
				GENERATE_PKGINFO_FILE = YES;
				HEADER_SEARCH_PATHS = (
					"$(SRCROOT)/../../modules/juce_audio_processors/format_types/VST3_SDK",
					"$(SRCROOT)/../../JuceLibraryCode",
					"$(SRCROOT)/../../modules",
					"$(SRCROOT)/../../modules/juce_audio_plugin_client/AU",
					"$(inherited)",
				);
				INFOPLIST_FILE = Info-VST3.plist;
				INFOPLIST_PREPROCESS = NO;
				INSTALL_PATH = "$(HOME)/Library/Audio/Plug-Ins/VST3/";
				LIBRARY_STYLE = Bundle;
				MACOSX_DEPLOYMENT_TARGET = 10.13;
				MTL_HEADER_SEARCH_PATHS = "$(SRCROOT)/../../modules/juce_audio_processors/format_types/VST3_SDK $(SRCROOT)/../../JuceLibraryCode $(SRCROOT)/../../modules $(SRCROOT)/../../modules/juce_audio_plugin_client/AU";
				OTHER_LDFLAGS = "-bundle -lRed\\ Belly\\ Sea\\ Sweeper";
				PRODUCT_BUNDLE_IDENTIFIER = com.gardenofed.redbellyseasweeper;
				PRODUCT_NAME = "Red Belly Sea Sweeper";
				USE_HEADERMAP = NO;
				VALID_ARCHS = "i386 x86_64 arm64 arm64e";
				WRAPPER_EXTENSION = vst3;
			};
			name = Debug;
		};
		BAFE3CC1F76BC4CAC596D1F2 /* Debug */ = {
			isa = XCBuildConfiguration;
			buildSettings = {
				MACOSX_DEPLOYMENT_TARGET = 10.13;
				SDKROOT = macosx;
			};
			name = Debug;
		};
		D00A1EA1536D9852544B7269 /* Debug */ = {
			isa = XCBuildConfiguration;
			buildSettings = {
				CLANG_CXX_LANGUAGE_STANDARD = "c++17";
				CLANG_CXX_LIBRARY = "libc++";
				CLANG_LINK_OBJC_RUNTIME = NO;
				COMBINE_HIDPI_IMAGES = YES;
				CONFIGURATION_BUILD_DIR = "$(PROJECT_DIR)/build/$(CONFIGURATION)";
				COPY_PHASE_STRIP = NO;
				EXCLUDED_ARCHS = "";
				GCC_DYNAMIC_NO_PIC = NO;
				GCC_OPTIMIZATION_LEVEL = 0;
				GCC_PREPROCESSOR_DEFINITIONS = (
					"_DEBUG=1",
					"DEBUG=1",
					"JUCE_DISPLAY_SPLASH_SCREEN=0",
					"JUCE_USE_DARK_SPLASH_SCREEN=1",
					"JUCE_PROJUCER_VERSION=0x70009",
					"JUCE_MODULE_AVAILABLE_juce_audio_basics=1",
					"JUCE_MODULE_AVAILABLE_juce_audio_devices=1",
					"JUCE_MODULE_AVAILABLE_juce_audio_formats=1",
					"JUCE_MODULE_AVAILABLE_juce_audio_plugin_client=1",
					"JUCE_MODULE_AVAILABLE_juce_audio_processors=1",
					"JUCE_MODULE_AVAILABLE_juce_audio_utils=1",
					"JUCE_MODULE_AVAILABLE_juce_core=1",
					"JUCE_MODULE_AVAILABLE_juce_data_structures=1",
					"JUCE_MODULE_AVAILABLE_juce_dsp=1",
					"JUCE_MODULE_AVAILABLE_juce_events=1",
					"JUCE_MODULE_AVAILABLE_juce_graphics=1",
					"JUCE_MODULE_AVAILABLE_juce_gui_basics=1",
					"JUCE_MODULE_AVAILABLE_juce_gui_extra=1",
					"JUCE_GLOBAL_MODULE_SETTINGS_INCLUDED=1",
					"JucePlugin_Build_VST=0",
					"JucePlugin_Build_VST3=0",
					"JucePlugin_Build_AU=0",
					"JucePlugin_Build_AUv3=0",
					"JucePlugin_Build_AAX=0",
					"JucePlugin_Build_Standalone=1",
					"JucePlugin_Build_Unity=0",
					"JucePlugin_Build_LV2=0",
					"JucePlugin_Enable_IAA=0",
					"JucePlugin_Enable_ARA=0",
					"JucePlugin_Name=\\\"Red\\ Belly\\ Sea\\ Sweeper\\\"",
					"JucePlugin_Desc=\\\"Red\\ Belly\\ Sea\\ Sweeper\\\"",
					"JucePlugin_Manufacturer=\\\"Garden\\ of\\ Ed\\\"",
					"JucePlugin_ManufacturerWebsite=\\\"https://gardenofed.com\\\"",
					"JucePlugin_ManufacturerEmail=\\\"\\\"",
					"JucePlugin_ManufacturerCode=0x476f4564",
					"JucePlugin_PluginCode=0x52625373",
					"JucePlugin_IsSynth=1",
					"JucePlugin_WantsMidiInput=1",
					"JucePlugin_ProducesMidiOutput=0",
					"JucePlugin_IsMidiEffect=0",
					"JucePlugin_EditorRequiresKeyboardFocus=0",
					"JucePlugin_Version=1.4.4",
					"JucePlugin_VersionCode=0x10404",
					"JucePlugin_VersionString=\\\"1.4.4\\\"",
					"JucePlugin_VSTUniqueID=JucePlugin_PluginCode",
					"JucePlugin_VSTCategory=kPlugCategSynth",
					"JucePlugin_Vst3Category=\\\"Instrument|Synth\\\"",
					"JucePlugin_AUMainType=\\'aumu\\'",
					"JucePlugin_AUSubType=JucePlugin_PluginCode",
					"JucePlugin_AUExportPrefix=RedBellySeaSweeperAU",
					"JucePlugin_AUExportPrefixQuoted=\\\"RedBellySeaSweeperAU\\\"",
					"JucePlugin_AUManufacturerCode=JucePlugin_ManufacturerCode",
					"JucePlugin_CFBundleIdentifier=com.gardenofed.redbellyseasweeper",
					"JucePlugin_AAXIdentifier=com.gardenofed.redbellyseasweeper",
					"JucePlugin_AAXManufacturerCode=JucePlugin_ManufacturerCode",
					"JucePlugin_AAXProductId=JucePlugin_PluginCode",
					"JucePlugin_AAXCategory=2",
					"JucePlugin_AAXDisableBypass=0",
					"JucePlugin_AAXDisableMultiMono=0",
					"JucePlugin_IAAType=0x61757269",
					"JucePlugin_IAASubType=JucePlugin_PluginCode",
					"JucePlugin_IAAName=\\\"Garden\\ of\\ Ed:\\ Red\\ Belly\\ Sea\\ Sweeper\\\"",
					"JucePlugin_VSTNumMidiInputs=16",
					"JucePlugin_VSTNumMidiOutputs=16",
					"JucePlugin_ARAContentTypes=0",
					"JucePlugin_ARATransformationFlags=0",
					"JucePlugin_ARAFactoryID=\\\"com.GardenofEd.RedBellySeaSweeper.factory\\\"",
					"JucePlugin_ARADocumentArchiveID=\\\"com.GardenofEd.RedBellySeaSweeper.aradocumentarchive.1.4.4\\\"",
					"JucePlugin_ARACompatibleArchiveIDs=\\\"\\\"",
					"JUCE_STANDALONE_APPLICATION=JucePlugin_Build_Standalone",
					"JUCE_VST3_CAN_REPLACE_VST2=0",
					"JUCER_XCODE_MAC_F6D2F4CF=1",
					"JUCE_APP_VERSION=1.4.4",
					"JUCE_APP_VERSION_HEX=0x10404",
				);
				GCC_VERSION = com.apple.compilers.llvm.clang.1_0;
				HEADER_SEARCH_PATHS = (
					"$(SRCROOT)/../../modules/juce_audio_processors/format_types/VST3_SDK",
					"$(SRCROOT)/../../JuceLibraryCode",
					"$(SRCROOT)/../../modules",
					"$(SRCROOT)/../../modules/juce_audio_plugin_client/AU",
					"$(inherited)",
				);
				INFOPLIST_FILE = Info-Standalone_Plugin.plist;
				INFOPLIST_PREPROCESS = NO;
				MACOSX_DEPLOYMENT_TARGET = 10.13;
				MTL_HEADER_SEARCH_PATHS = "$(SRCROOT)/../../modules/juce_audio_processors/format_types/VST3_SDK $(SRCROOT)/../../JuceLibraryCode $(SRCROOT)/../../modules $(SRCROOT)/../../modules/juce_audio_plugin_client/AU";
				OTHER_LDFLAGS = "-lRed\\ Belly\\ Sea\\ Sweeper";
				PRODUCT_BUNDLE_IDENTIFIER = com.gardenofed.redbellyseasweeper;
				PRODUCT_NAME = "Red Belly Sea Sweeper";
				USE_HEADERMAP = NO;
				VALID_ARCHS = "i386 x86_64 arm64 arm64e";
			};
			name = Debug;
		};
		D253576FCA0C41921F4B7968 /* Debug */ = {
			isa = XCBuildConfiguration;
			buildSettings = {
				CLANG_CXX_LANGUAGE_STANDARD = "c++17";
				CLANG_CXX_LIBRARY = "libc++";
				CLANG_LINK_OBJC_RUNTIME = NO;
				COMBINE_HIDPI_IMAGES = YES;
				CONFIGURATION_BUILD_DIR = "$(PROJECT_DIR)/build/$(CONFIGURATION)";
				COPY_PHASE_STRIP = NO;
				EXCLUDED_ARCHS = "";
				GCC_DYNAMIC_NO_PIC = NO;
				GCC_OPTIMIZATION_LEVEL = 0;
				GCC_PREPROCESSOR_DEFINITIONS = (
					"_DEBUG=1",
					"DEBUG=1",
					"JUCE_DISPLAY_SPLASH_SCREEN=0",
					"JUCE_USE_DARK_SPLASH_SCREEN=1",
					"JUCE_PROJUCER_VERSION=0x70009",
					"JUCE_MODULE_AVAILABLE_juce_audio_basics=1",
					"JUCE_MODULE_AVAILABLE_juce_audio_devices=1",
					"JUCE_MODULE_AVAILABLE_juce_audio_formats=1",
					"JUCE_MODULE_AVAILABLE_juce_audio_plugin_client=1",
					"JUCE_MODULE_AVAILABLE_juce_audio_processors=1",
					"JUCE_MODULE_AVAILABLE_juce_audio_utils=1",
					"JUCE_MODULE_AVAILABLE_juce_core=1",
					"JUCE_MODULE_AVAILABLE_juce_data_structures=1",
					"JUCE_MODULE_AVAILABLE_juce_dsp=1",
					"JUCE_MODULE_AVAILABLE_juce_events=1",
					"JUCE_MODULE_AVAILABLE_juce_graphics=1",
					"JUCE_MODULE_AVAILABLE_juce_gui_basics=1",
					"JUCE_MODULE_AVAILABLE_juce_gui_extra=1",
					"JUCE_GLOBAL_MODULE_SETTINGS_INCLUDED=1",
					"JucePlugin_Build_VST=0",
					"JucePlugin_Build_VST3=0",
					"JucePlugin_Build_AU=1",
					"JucePlugin_Build_AUv3=0",
					"JucePlugin_Build_AAX=0",
					"JucePlugin_Build_Standalone=0",
					"JucePlugin_Build_Unity=0",
					"JucePlugin_Build_LV2=0",
					"JucePlugin_Enable_IAA=0",
					"JucePlugin_Enable_ARA=0",
					"JucePlugin_Name=\\\"Red\\ Belly\\ Sea\\ Sweeper\\\"",
					"JucePlugin_Desc=\\\"Red\\ Belly\\ Sea\\ Sweeper\\\"",
					"JucePlugin_Manufacturer=\\\"Garden\\ of\\ Ed\\\"",
					"JucePlugin_ManufacturerWebsite=\\\"https://gardenofed.com\\\"",
					"JucePlugin_ManufacturerEmail=\\\"\\\"",
					"JucePlugin_ManufacturerCode=0x476f4564",
					"JucePlugin_PluginCode=0x52625373",
					"JucePlugin_IsSynth=1",
					"JucePlugin_WantsMidiInput=1",
					"JucePlugin_ProducesMidiOutput=0",
					"JucePlugin_IsMidiEffect=0",
					"JucePlugin_EditorRequiresKeyboardFocus=0",
					"JucePlugin_Version=1.4.4",
					"JucePlugin_VersionCode=0x10404",
					"JucePlugin_VersionString=\\\"1.4.4\\\"",
					"JucePlugin_VSTUniqueID=JucePlugin_PluginCode",
					"JucePlugin_VSTCategory=kPlugCategSynth",
					"JucePlugin_Vst3Category=\\\"Instrument|Synth\\\"",
					"JucePlugin_AUMainType=\\'aumu\\'",
					"JucePlugin_AUSubType=JucePlugin_PluginCode",
					"JucePlugin_AUExportPrefix=RedBellySeaSweeperAU",
					"JucePlugin_AUExportPrefixQuoted=\\\"RedBellySeaSweeperAU\\\"",
					"JucePlugin_AUManufacturerCode=JucePlugin_ManufacturerCode",
					"JucePlugin_CFBundleIdentifier=com.gardenofed.redbellyseasweeper",
					"JucePlugin_AAXIdentifier=com.gardenofed.redbellyseasweeper",
					"JucePlugin_AAXManufacturerCode=JucePlugin_ManufacturerCode",
					"JucePlugin_AAXProductId=JucePlugin_PluginCode",
					"JucePlugin_AAXCategory=2",
					"JucePlugin_AAXDisableBypass=0",
					"JucePlugin_AAXDisableMultiMono=0",
					"JucePlugin_IAAType=0x61757269",
					"JucePlugin_IAASubType=JucePlugin_PluginCode",
					"JucePlugin_IAAName=\\\"Garden\\ of\\ Ed:\\ Red\\ Belly\\ Sea\\ Sweeper\\\"",
					"JucePlugin_VSTNumMidiInputs=16",
					"JucePlugin_VSTNumMidiOutputs=16",
					"JucePlugin_ARAContentTypes=0",
					"JucePlugin_ARATransformationFlags=0",
					"JucePlugin_ARAFactoryID=\\\"com.GardenofEd.RedBellySeaSweeper.factory\\\"",
					"JucePlugin_ARADocumentArchiveID=\\\"com.GardenofEd.RedBellySeaSweeper.aradocumentarchive.1.4.4\\\"",
					"JucePlugin_ARACompatibleArchiveIDs=\\\"\\\"",
					"JUCE_STANDALONE_APPLICATION=JucePlugin_Build_Standalone",
					"JUCE_VST3_CAN_REPLACE_VST2=0",
					"JUCER_XCODE_MAC_F6D2F4CF=1",
					"JUCE_APP_VERSION=1.4.4",
					"JUCE_APP_VERSION_HEX=0x10404",
				);
				GCC_VERSION = com.apple.compilers.llvm.clang.1_0;
				GENERATE_PKGINFO_FILE = YES;
				HEADER_SEARCH_PATHS = (
					"$(SRCROOT)/../../modules/juce_audio_processors/format_types/VST3_SDK",
					"$(SRCROOT)/../../JuceLibraryCode",
					"$(SRCROOT)/../../modules",
					"$(SRCROOT)/../../modules/juce_audio_plugin_client/AU",
					"$(inherited)",
				);
				INFOPLIST_FILE = Info-AU.plist;
				INFOPLIST_PREPROCESS = NO;
				INSTALL_PATH = "$(HOME)/Library/Audio/Plug-Ins/Components/";
				LIBRARY_STYLE = Bundle;
				MACOSX_DEPLOYMENT_TARGET = 10.13;
				MTL_HEADER_SEARCH_PATHS = "$(SRCROOT)/../../modules/juce_audio_processors/format_types/VST3_SDK $(SRCROOT)/../../JuceLibraryCode $(SRCROOT)/../../modules $(SRCROOT)/../../modules/juce_audio_plugin_client/AU";
				OTHER_LDFLAGS = "-bundle -lRed\\ Belly\\ Sea\\ Sweeper";
				OTHER_REZFLAGS = "-d ppc_$ppc -d i386_$i386 -d ppc64_$ppc64 -d x86_64_$x86_64 -d arm64_$arm64 -I /System/Library/Frameworks/CoreServices.framework/Frameworks/CarbonCore.framework/Versions/A/Headers -I \"$(DEVELOPER_DIR)/Extras/CoreAudio/AudioUnits/AUPublic/AUBase\" -I \"$(DEVELOPER_DIR)/Platforms/MacOSX.platform/Developer/SDKs/MacOSX.sdk/System/Library/Frameworks/AudioUnit.framework/Headers\"";
				PRODUCT_BUNDLE_IDENTIFIER = com.gardenofed.redbellyseasweeper;
				PRODUCT_NAME = "Red Belly Sea Sweeper";
				USE_HEADERMAP = NO;
				VALID_ARCHS = "i386 x86_64 arm64 arm64e";
				WRAPPER_EXTENSION = component;
			};
			name = Debug;
		};
		D7DFDB7E9684027BBE216BA7 /* Release */ = {
			isa = XCBuildConfiguration;
			buildSettings = {
				CLANG_CXX_LANGUAGE_STANDARD = "c++17";
				CLANG_CXX_LIBRARY = "libc++";
				CLANG_LINK_OBJC_RUNTIME = NO;
				COMBINE_HIDPI_IMAGES = YES;
				CONFIGURATION_BUILD_DIR = "$(PROJECT_DIR)/build/$(CONFIGURATION)";
				DEAD_CODE_STRIPPING = YES;
				EXCLUDED_ARCHS = "";
				GCC_GENERATE_DEBUGGING_SYMBOLS = NO;
				GCC_OPTIMIZATION_LEVEL = 3;
				GCC_PREPROCESSOR_DEFINITIONS = (
					"_NDEBUG=1",
					"NDEBUG=1",
					"JUCE_DISPLAY_SPLASH_SCREEN=0",
					"JUCE_USE_DARK_SPLASH_SCREEN=1",
					"JUCE_PROJUCER_VERSION=0x70009",
					"JUCE_MODULE_AVAILABLE_juce_audio_basics=1",
					"JUCE_MODULE_AVAILABLE_juce_audio_devices=1",
					"JUCE_MODULE_AVAILABLE_juce_audio_formats=1",
					"JUCE_MODULE_AVAILABLE_juce_audio_plugin_client=1",
					"JUCE_MODULE_AVAILABLE_juce_audio_processors=1",
					"JUCE_MODULE_AVAILABLE_juce_audio_utils=1",
					"JUCE_MODULE_AVAILABLE_juce_core=1",
					"JUCE_MODULE_AVAILABLE_juce_data_structures=1",
					"JUCE_MODULE_AVAILABLE_juce_dsp=1",
					"JUCE_MODULE_AVAILABLE_juce_events=1",
					"JUCE_MODULE_AVAILABLE_juce_graphics=1",
					"JUCE_MODULE_AVAILABLE_juce_gui_basics=1",
					"JUCE_MODULE_AVAILABLE_juce_gui_extra=1",
					"JUCE_GLOBAL_MODULE_SETTINGS_INCLUDED=1",
					"JucePlugin_Build_VST=0",
					"JucePlugin_Build_VST3=1",
					"JucePlugin_Build_AU=1",
					"JucePlugin_Build_AUv3=0",
					"JucePlugin_Build_AAX=0",
					"JucePlugin_Build_Standalone=1",
					"JucePlugin_Build_Unity=0",
					"JucePlugin_Build_LV2=0",
					"JucePlugin_Enable_IAA=0",
					"JucePlugin_Enable_ARA=0",
					"JucePlugin_Name=\\\"Red\\ Belly\\ Sea\\ Sweeper\\\"",
					"JucePlugin_Desc=\\\"Red\\ Belly\\ Sea\\ Sweeper\\\"",
					"JucePlugin_Manufacturer=\\\"Garden\\ of\\ Ed\\\"",
					"JucePlugin_ManufacturerWebsite=\\\"https://gardenofed.com\\\"",
					"JucePlugin_ManufacturerEmail=\\\"\\\"",
					"JucePlugin_ManufacturerCode=0x476f4564",
					"JucePlugin_PluginCode=0x52625373",
					"JucePlugin_IsSynth=1",
					"JucePlugin_WantsMidiInput=1",
					"JucePlugin_ProducesMidiOutput=0",
					"JucePlugin_IsMidiEffect=0",
					"JucePlugin_EditorRequiresKeyboardFocus=0",
					"JucePlugin_Version=1.4.4",
					"JucePlugin_VersionCode=0x10404",
					"JucePlugin_VersionString=\\\"1.4.4\\\"",
					"JucePlugin_VSTUniqueID=JucePlugin_PluginCode",
					"JucePlugin_VSTCategory=kPlugCategSynth",
					"JucePlugin_Vst3Category=\\\"Instrument|Synth\\\"",
					"JucePlugin_AUMainType=\\'aumu\\'",
					"JucePlugin_AUSubType=JucePlugin_PluginCode",
					"JucePlugin_AUExportPrefix=RedBellySeaSweeperAU",
					"JucePlugin_AUExportPrefixQuoted=\\\"RedBellySeaSweeperAU\\\"",
					"JucePlugin_AUManufacturerCode=JucePlugin_ManufacturerCode",
					"JucePlugin_CFBundleIdentifier=com.gardenofed.redbellyseasweeper",
					"JucePlugin_AAXIdentifier=com.gardenofed.redbellyseasweeper",
					"JucePlugin_AAXManufacturerCode=JucePlugin_ManufacturerCode",
					"JucePlugin_AAXProductId=JucePlugin_PluginCode",
					"JucePlugin_AAXCategory=2",
					"JucePlugin_AAXDisableBypass=0",
					"JucePlugin_AAXDisableMultiMono=0",
					"JucePlugin_IAAType=0x61757269",
					"JucePlugin_IAASubType=JucePlugin_PluginCode",
					"JucePlugin_IAAName=\\\"Garden\\ of\\ Ed:\\ Red\\ Belly\\ Sea\\ Sweeper\\\"",
					"JucePlugin_VSTNumMidiInputs=16",
					"JucePlugin_VSTNumMidiOutputs=16",
					"JucePlugin_ARAContentTypes=0",
					"JucePlugin_ARATransformationFlags=0",
					"JucePlugin_ARAFactoryID=\\\"com.GardenofEd.RedBellySeaSweeper.factory\\\"",
					"JucePlugin_ARADocumentArchiveID=\\\"com.GardenofEd.RedBellySeaSweeper.aradocumentarchive.1.4.4\\\"",
					"JucePlugin_ARACompatibleArchiveIDs=\\\"\\\"",
					"JUCE_STANDALONE_APPLICATION=JucePlugin_Build_Standalone",
					"JUCE_VST3_CAN_REPLACE_VST2=0",
					"JUCER_XCODE_MAC_F6D2F4CF=1",
					"JUCE_APP_VERSION=1.4.4",
					"JUCE_APP_VERSION_HEX=0x10404",
					"JUCE_SHARED_CODE=1",
				);
				GCC_VERSION = com.apple.compilers.llvm.clang.1_0;
				HEADER_SEARCH_PATHS = (
					"$(SRCROOT)/../../modules/juce_audio_processors/format_types/VST3_SDK",
					"$(SRCROOT)/../../JuceLibraryCode",
					"$(SRCROOT)/../../modules",
					"$(SRCROOT)/../../modules/juce_audio_plugin_client/AU",
					"$(inherited)",
				);
				INSTALL_PATH = "@executable_path/../Frameworks";
				LLVM_LTO = YES;
				MACOSX_DEPLOYMENT_TARGET = 10.13;
				MTL_HEADER_SEARCH_PATHS = "$(SRCROOT)/../../modules/juce_audio_processors/format_types/VST3_SDK $(SRCROOT)/../../JuceLibraryCode $(SRCROOT)/../../modules $(SRCROOT)/../../modules/juce_audio_plugin_client/AU";
				PRODUCT_BUNDLE_IDENTIFIER = com.gardenofed.redbellyseasweeper;
				PRODUCT_NAME = "Red Belly Sea Sweeper";
				SKIP_INSTALL = YES;
				USE_HEADERMAP = NO;
				VALID_ARCHS = "i386 x86_64 arm64 arm64e";
			};
			name = Release;
		};
		DD258AF81B10725BC4217FEA /* Release */ = {
			isa = XCBuildConfiguration;
			buildSettings = {
				CLANG_CXX_LANGUAGE_STANDARD = "c++17";
				CLANG_CXX_LIBRARY = "libc++";
				CLANG_LINK_OBJC_RUNTIME = NO;
				COMBINE_HIDPI_IMAGES = YES;
				CONFIGURATION_BUILD_DIR = "$(PROJECT_DIR)/build/$(CONFIGURATION)";
				DEAD_CODE_STRIPPING = YES;
				EXCLUDED_ARCHS = "";
				GCC_GENERATE_DEBUGGING_SYMBOLS = NO;
				GCC_OPTIMIZATION_LEVEL = 3;
				GCC_PREPROCESSOR_DEFINITIONS = (
					"_NDEBUG=1",
					"NDEBUG=1",
					"JUCE_DISPLAY_SPLASH_SCREEN=0",
					"JUCE_USE_DARK_SPLASH_SCREEN=1",
					"JUCE_PROJUCER_VERSION=0x70009",
					"JUCE_MODULE_AVAILABLE_juce_audio_basics=1",
					"JUCE_MODULE_AVAILABLE_juce_audio_devices=1",
					"JUCE_MODULE_AVAILABLE_juce_audio_formats=1",
					"JUCE_MODULE_AVAILABLE_juce_audio_plugin_client=1",
					"JUCE_MODULE_AVAILABLE_juce_audio_processors=1",
					"JUCE_MODULE_AVAILABLE_juce_audio_utils=1",
					"JUCE_MODULE_AVAILABLE_juce_core=1",
					"JUCE_MODULE_AVAILABLE_juce_data_structures=1",
					"JUCE_MODULE_AVAILABLE_juce_dsp=1",
					"JUCE_MODULE_AVAILABLE_juce_events=1",
					"JUCE_MODULE_AVAILABLE_juce_graphics=1",
					"JUCE_MODULE_AVAILABLE_juce_gui_basics=1",
					"JUCE_MODULE_AVAILABLE_juce_gui_extra=1",
					"JUCE_GLOBAL_MODULE_SETTINGS_INCLUDED=1",
					"JucePlugin_Build_VST=0",
					"JucePlugin_Build_VST3=1",
					"JucePlugin_Build_AU=0",
					"JucePlugin_Build_AUv3=0",
					"JucePlugin_Build_AAX=0",
					"JucePlugin_Build_Standalone=0",
					"JucePlugin_Build_Unity=0",
					"JucePlugin_Build_LV2=0",
					"JucePlugin_Enable_IAA=0",
					"JucePlugin_Enable_ARA=0",
					"JucePlugin_Name=\\\"Red\\ Belly\\ Sea\\ Sweeper\\\"",
					"JucePlugin_Desc=\\\"Red\\ Belly\\ Sea\\ Sweeper\\\"",
					"JucePlugin_Manufacturer=\\\"Garden\\ of\\ Ed\\\"",
					"JucePlugin_ManufacturerWebsite=\\\"https://gardenofed.com\\\"",
					"JucePlugin_ManufacturerEmail=\\\"\\\"",
					"JucePlugin_ManufacturerCode=0x476f4564",
					"JucePlugin_PluginCode=0x52625373",
					"JucePlugin_IsSynth=1",
					"JucePlugin_WantsMidiInput=1",
					"JucePlugin_ProducesMidiOutput=0",
					"JucePlugin_IsMidiEffect=0",
					"JucePlugin_EditorRequiresKeyboardFocus=0",
					"JucePlugin_Version=1.4.4",
					"JucePlugin_VersionCode=0x10404",
					"JucePlugin_VersionString=\\\"1.4.4\\\"",
					"JucePlugin_VSTUniqueID=JucePlugin_PluginCode",
					"JucePlugin_VSTCategory=kPlugCategSynth",
					"JucePlugin_Vst3Category=\\\"Instrument|Synth\\\"",
					"JucePlugin_AUMainType=\\'aumu\\'",
					"JucePlugin_AUSubType=JucePlugin_PluginCode",
					"JucePlugin_AUExportPrefix=RedBellySeaSweeperAU",
					"JucePlugin_AUExportPrefixQuoted=\\\"RedBellySeaSweeperAU\\\"",
					"JucePlugin_AUManufacturerCode=JucePlugin_ManufacturerCode",
					"JucePlugin_CFBundleIdentifier=com.gardenofed.redbellyseasweeper",
					"JucePlugin_AAXIdentifier=com.gardenofed.redbellyseasweeper",
					"JucePlugin_AAXManufacturerCode=JucePlugin_ManufacturerCode",
					"JucePlugin_AAXProductId=JucePlugin_PluginCode",
					"JucePlugin_AAXCategory=2",
					"JucePlugin_AAXDisableBypass=0",
					"JucePlugin_AAXDisableMultiMono=0",
					"JucePlugin_IAAType=0x61757269",
					"JucePlugin_IAASubType=JucePlugin_PluginCode",
					"JucePlugin_IAAName=\\\"Garden\\ of\\ Ed:\\ Red\\ Belly\\ Sea\\ Sweeper\\\"",
					"JucePlugin_VSTNumMidiInputs=16",
					"JucePlugin_VSTNumMidiOutputs=16",
					"JucePlugin_ARAContentTypes=0",
					"JucePlugin_ARATransformationFlags=0",
					"JucePlugin_ARAFactoryID=\\\"com.GardenofEd.RedBellySeaSweeper.factory\\\"",
					"JucePlugin_ARADocumentArchiveID=\\\"com.GardenofEd.RedBellySeaSweeper.aradocumentarchive.1.4.4\\\"",
					"JucePlugin_ARACompatibleArchiveIDs=\\\"\\\"",
					"JUCE_STANDALONE_APPLICATION=JucePlugin_Build_Standalone",
					"JUCE_VST3_CAN_REPLACE_VST2=0",
					"JUCER_XCODE_MAC_F6D2F4CF=1",
					"JUCE_APP_VERSION=1.4.4",
					"JUCE_APP_VERSION_HEX=0x10404",
				);
				GCC_VERSION = com.apple.compilers.llvm.clang.1_0;
				GENERATE_PKGINFO_FILE = YES;
				HEADER_SEARCH_PATHS = (
					"$(SRCROOT)/../../modules/juce_audio_processors/format_types/VST3_SDK",
					"$(SRCROOT)/../../JuceLibraryCode",
					"$(SRCROOT)/../../modules",
					"$(SRCROOT)/../../modules/juce_audio_plugin_client/AU",
					"$(inherited)",
				);
				INFOPLIST_FILE = Info-VST3.plist;
				INFOPLIST_PREPROCESS = NO;
				INSTALL_PATH = "$(HOME)/Library/Audio/Plug-Ins/VST3/";
				LIBRARY_STYLE = Bundle;
				LLVM_LTO = YES;
				MACOSX_DEPLOYMENT_TARGET = 10.13;
				MTL_HEADER_SEARCH_PATHS = "$(SRCROOT)/../../modules/juce_audio_processors/format_types/VST3_SDK $(SRCROOT)/../../JuceLibraryCode $(SRCROOT)/../../modules $(SRCROOT)/../../modules/juce_audio_plugin_client/AU";
				OTHER_LDFLAGS = "-bundle -lRed\\ Belly\\ Sea\\ Sweeper";
				PRODUCT_BUNDLE_IDENTIFIER = com.gardenofed.redbellyseasweeper;
				PRODUCT_NAME = "Red Belly Sea Sweeper";
				USE_HEADERMAP = NO;
				VALID_ARCHS = "i386 x86_64 arm64 arm64e";
				WRAPPER_EXTENSION = vst3;
			};
			name = Release;
		};
		DF5DFB332049C96E9A414DC8 /* Debug */ = {
			isa = XCBuildConfiguration;
			buildSettings = {
				CLANG_CXX_LANGUAGE_STANDARD = "c++17";
				CLANG_CXX_LIBRARY = "libc++";
				CLANG_LINK_OBJC_RUNTIME = NO;
				COMBINE_HIDPI_IMAGES = YES;
				CONFIGURATION_BUILD_DIR = "$(PROJECT_DIR)/build/$(CONFIGURATION)";
				COPY_PHASE_STRIP = NO;
				EXCLUDED_ARCHS = "";
				GCC_DYNAMIC_NO_PIC = NO;
				GCC_OPTIMIZATION_LEVEL = 0;
				GCC_PREPROCESSOR_DEFINITIONS = (
					"_DEBUG=1",
					"DEBUG=1",
					"JUCE_DISPLAY_SPLASH_SCREEN=0",
					"JUCE_USE_DARK_SPLASH_SCREEN=1",
					"JUCE_PROJUCER_VERSION=0x70009",
					"JUCE_MODULE_AVAILABLE_juce_audio_basics=1",
					"JUCE_MODULE_AVAILABLE_juce_audio_devices=1",
					"JUCE_MODULE_AVAILABLE_juce_audio_formats=1",
					"JUCE_MODULE_AVAILABLE_juce_audio_plugin_client=1",
					"JUCE_MODULE_AVAILABLE_juce_audio_processors=1",
					"JUCE_MODULE_AVAILABLE_juce_audio_utils=1",
					"JUCE_MODULE_AVAILABLE_juce_core=1",
					"JUCE_MODULE_AVAILABLE_juce_data_structures=1",
					"JUCE_MODULE_AVAILABLE_juce_dsp=1",
					"JUCE_MODULE_AVAILABLE_juce_events=1",
					"JUCE_MODULE_AVAILABLE_juce_graphics=1",
					"JUCE_MODULE_AVAILABLE_juce_gui_basics=1",
					"JUCE_MODULE_AVAILABLE_juce_gui_extra=1",
					"JUCE_GLOBAL_MODULE_SETTINGS_INCLUDED=1",
					"JucePlugin_Build_VST=0",
					"JucePlugin_Build_VST3=0",
					"JucePlugin_Build_AU=0",
					"JucePlugin_Build_AUv3=0",
					"JucePlugin_Build_AAX=0",
					"JucePlugin_Build_Standalone=0",
					"JucePlugin_Build_Unity=0",
					"JucePlugin_Build_LV2=0",
					"JucePlugin_Enable_IAA=0",
					"JucePlugin_Enable_ARA=0",
					"JucePlugin_Name=\\\"Red\\ Belly\\ Sea\\ Sweeper\\\"",
					"JucePlugin_Desc=\\\"Red\\ Belly\\ Sea\\ Sweeper\\\"",
					"JucePlugin_Manufacturer=\\\"Garden\\ of\\ Ed\\\"",
					"JucePlugin_ManufacturerWebsite=\\\"https://gardenofed.com\\\"",
					"JucePlugin_ManufacturerEmail=\\\"\\\"",
					"JucePlugin_ManufacturerCode=0x476f4564",
					"JucePlugin_PluginCode=0x52625373",
					"JucePlugin_IsSynth=1",
					"JucePlugin_WantsMidiInput=1",
					"JucePlugin_ProducesMidiOutput=0",
					"JucePlugin_IsMidiEffect=0",
					"JucePlugin_EditorRequiresKeyboardFocus=0",
					"JucePlugin_Version=1.4.4",
					"JucePlugin_VersionCode=0x10404",
					"JucePlugin_VersionString=\\\"1.4.4\\\"",
					"JucePlugin_VSTUniqueID=JucePlugin_PluginCode",
					"JucePlugin_VSTCategory=kPlugCategSynth",
					"JucePlugin_Vst3Category=\\\"Instrument|Synth\\\"",
					"JucePlugin_AUMainType=\\'aumu\\'",
					"JucePlugin_AUSubType=JucePlugin_PluginCode",
					"JucePlugin_AUExportPrefix=RedBellySeaSweeperAU",
					"JucePlugin_AUExportPrefixQuoted=\\\"RedBellySeaSweeperAU\\\"",
					"JucePlugin_AUManufacturerCode=JucePlugin_ManufacturerCode",
					"JucePlugin_CFBundleIdentifier=com.gardenofed.redbellyseasweeper",
					"JucePlugin_AAXIdentifier=com.gardenofed.redbellyseasweeper",
					"JucePlugin_AAXManufacturerCode=JucePlugin_ManufacturerCode",
					"JucePlugin_AAXProductId=JucePlugin_PluginCode",
					"JucePlugin_AAXCategory=2",
					"JucePlugin_AAXDisableBypass=0",
					"JucePlugin_AAXDisableMultiMono=0",
					"JucePlugin_IAAType=0x61757269",
					"JucePlugin_IAASubType=JucePlugin_PluginCode",
					"JucePlugin_IAAName=\\\"Garden\\ of\\ Ed:\\ Red\\ Belly\\ Sea\\ Sweeper\\\"",
					"JucePlugin_VSTNumMidiInputs=16",
					"JucePlugin_VSTNumMidiOutputs=16",
					"JucePlugin_ARAContentTypes=0",
					"JucePlugin_ARATransformationFlags=0",
					"JucePlugin_ARAFactoryID=\\\"com.GardenofEd.RedBellySeaSweeper.factory\\\"",
					"JucePlugin_ARADocumentArchiveID=\\\"com.GardenofEd.RedBellySeaSweeper.aradocumentarchive.1.4.4\\\"",
					"JucePlugin_ARACompatibleArchiveIDs=\\\"\\\"",
					"JUCE_STANDALONE_APPLICATION=JucePlugin_Build_Standalone",
					"JUCE_VST3_CAN_REPLACE_VST2=0",
					"JUCER_XCODE_MAC_F6D2F4CF=1",
					"JUCE_APP_VERSION=1.4.4",
					"JUCE_APP_VERSION_HEX=0x10404",
				);
				GCC_VERSION = com.apple.compilers.llvm.clang.1_0;
				HEADER_SEARCH_PATHS = (
					"$(SRCROOT)/../../modules/juce_audio_processors/format_types/VST3_SDK",
					"$(SRCROOT)/../../JuceLibraryCode",
					"$(SRCROOT)/../../modules",
					"$(SRCROOT)/../../modules/juce_audio_plugin_client/AU",
					"$(inherited)",
				);
				INFOPLIST_FILE = Info-VST3_Manifest_Helper.plist;
				INFOPLIST_PREPROCESS = NO;
				MACOSX_DEPLOYMENT_TARGET = 10.13;
				MTL_HEADER_SEARCH_PATHS = "$(SRCROOT)/../../modules/juce_audio_processors/format_types/VST3_SDK $(SRCROOT)/../../JuceLibraryCode $(SRCROOT)/../../modules $(SRCROOT)/../../modules/juce_audio_plugin_client/AU";
				PRODUCT_BUNDLE_IDENTIFIER = com.gardenofed.redbellyseasweeper;
				PRODUCT_NAME = "juce_vst3_helper";
				USE_HEADERMAP = NO;
				VALID_ARCHS = "i386 x86_64 arm64 arm64e";
			};
			name = Debug;
		};
/* End XCBuildConfiguration section */

/* Begin XCConfigurationList section */
		20C1B6E60513B94FD8B4B4A3 = {
			isa = XCConfigurationList;
			buildConfigurations = (
				01ACDF3C1BCF6F931B303424,
				52620294F012BEACC83DDE16,
			);
			defaultConfigurationIsVisible = 0;
			defaultConfigurationName = Debug;
		};
		4F40B5C21E9AA2935A44D3A8 = {
			isa = XCConfigurationList;
			buildConfigurations = (
				D00A1EA1536D9852544B7269,
				1BE99C16D116BB662A4FD957,
			);
			defaultConfigurationIsVisible = 0;
			defaultConfigurationName = Debug;
		};
		7DCAA81955D7ED3562271EDE = {
			isa = XCConfigurationList;
			buildConfigurations = (
				DF5DFB332049C96E9A414DC8,
				6654E3BC1E1918DAA6BACD80,
			);
			defaultConfigurationIsVisible = 0;
			defaultConfigurationName = Debug;
		};
		9DB53D7746B8AE1CD3462C55 = {
			isa = XCConfigurationList;
			buildConfigurations = (
				7C01717E0CB7827006A7A3C0,
				D7DFDB7E9684027BBE216BA7,
			);
			defaultConfigurationIsVisible = 0;
			defaultConfigurationName = Debug;
		};
		C0113E311B28EDF65CD84076 = {
			isa = XCConfigurationList;
			buildConfigurations = (
				D253576FCA0C41921F4B7968,
				35846936C047A89A25F6693D,
			);
			defaultConfigurationIsVisible = 0;
			defaultConfigurationName = Debug;
		};
		CA61B80CE31B016967F11ACD = {
			isa = XCConfigurationList;
			buildConfigurations = (
				BAFE3CC1F76BC4CAC596D1F2,
				7691224226CA528D693574C5,
			);
			defaultConfigurationIsVisible = 0;
			defaultConfigurationName = Debug;
		};
		F0DA51FE982474D958430B96 = {
			isa = XCConfigurationList;
			buildConfigurations = (
				9FB0CF81903FBC197A7D693E,
				DD258AF81B10725BC4217FEA,
			);
			defaultConfigurationIsVisible = 0;
			defaultConfigurationName = Debug;
		};
/* End XCConfigurationList section */
	};
	rootObject = 5C92202AA14873547DC76862 /* Project object */;
}
